// !$*UTF8*$!
{
	archiveVersion = 1;
	classes = {
	};
	objectVersion = 56;
	objects = {

/* Begin PBXBuildFile section */
		C42D04F12A86246400682B5B /* XCTTestCase+MemoryLeakTracking.swift in Sources */ = {isa = PBXBuildFile; fileRef = C42D04F02A86246400682B5B /* XCTTestCase+MemoryLeakTracking.swift */; };
		C42D04F32A865EDE00682B5B /* URLSessionHTTPClient.swift in Sources */ = {isa = PBXBuildFile; fileRef = C42D04F22A865EDE00682B5B /* URLSessionHTTPClient.swift */; };
		C42D04FB2A87977600682B5B /* EssentialFeedAPIEndToEndTests.swift in Sources */ = {isa = PBXBuildFile; fileRef = C42D04FA2A87977600682B5B /* EssentialFeedAPIEndToEndTests.swift */; };
		C42D04FC2A87977600682B5B /* EssentialFeed.framework in Frameworks */ = {isa = PBXBuildFile; fileRef = C4F44DAE2A7E5E7900D8ADA6 /* EssentialFeed.framework */; };
		C42F22822A9E2F6C00DD8482 /* CacheFeedUseCaseTests.swift in Sources */ = {isa = PBXBuildFile; fileRef = C42F22812A9E2F6C00DD8482 /* CacheFeedUseCaseTests.swift */; };
		C42F22852A9F2BC100DD8482 /* LocalFeedLoader.swift in Sources */ = {isa = PBXBuildFile; fileRef = C42F22842A9F2BC100DD8482 /* LocalFeedLoader.swift */; };
		C42F22872A9F2C3F00DD8482 /* FeedStore.swift in Sources */ = {isa = PBXBuildFile; fileRef = C42F22862A9F2C3F00DD8482 /* FeedStore.swift */; };
		C42F22892A9F608E00DD8482 /* RemoteFeedItem.swift in Sources */ = {isa = PBXBuildFile; fileRef = C42F22882A9F608E00DD8482 /* RemoteFeedItem.swift */; };
		C42F228B2A9F60DC00DD8482 /* LocalFeedImage.swift in Sources */ = {isa = PBXBuildFile; fileRef = C42F228A2A9F60DC00DD8482 /* LocalFeedImage.swift */; };
		C4563E872AA376AE00D35DA5 /* FeedCachePolicy.swift in Sources */ = {isa = PBXBuildFile; fileRef = C4563E862AA376AE00D35DA5 /* FeedCachePolicy.swift */; };
		C4563E892AA5D30600D35DA5 /* CodableFeedStoreTests.swift in Sources */ = {isa = PBXBuildFile; fileRef = C4563E882AA5D30600D35DA5 /* CodableFeedStoreTests.swift */; };
		C4563E8D2AA784D500D35DA5 /* CodableFeedStore.swift in Sources */ = {isa = PBXBuildFile; fileRef = C4563E8C2AA784D500D35DA5 /* CodableFeedStore.swift */; };
		C45C97822AA9B216009DE477 /* FeedStoreSpecs.swift in Sources */ = {isa = PBXBuildFile; fileRef = C45C97812AA9B216009DE477 /* FeedStoreSpecs.swift */; };
		C45C97842AA9B292009DE477 /* XCTestCase+FeedStoreSpecs.swift in Sources */ = {isa = PBXBuildFile; fileRef = C45C97832AA9B292009DE477 /* XCTestCase+FeedStoreSpecs.swift */; };
		C45ED0072AACD7E600F1CEDF /* CoreDataFeedStoreTests.swift in Sources */ = {isa = PBXBuildFile; fileRef = C45ED0062AACD7E600F1CEDF /* CoreDataFeedStoreTests.swift */; };
		C45ED0092AACD8BD00F1CEDF /* CoreDataFeedStore.swift in Sources */ = {isa = PBXBuildFile; fileRef = C45ED0082AACD8BD00F1CEDF /* CoreDataFeedStore.swift */; };
		C45ED00C2AACDC2100F1CEDF /* FeedStore.xcdatamodeld in Sources */ = {isa = PBXBuildFile; fileRef = C45ED00A2AACDC2100F1CEDF /* FeedStore.xcdatamodeld */; };
		C47588312AA0C9E8009A9DCA /* LoadFeedFromCacheUseCaseTests.swift in Sources */ = {isa = PBXBuildFile; fileRef = C47588302AA0C9E8009A9DCA /* LoadFeedFromCacheUseCaseTests.swift */; };
		C47588342AA0CAB6009A9DCA /* FeedStoreSpy.swift in Sources */ = {isa = PBXBuildFile; fileRef = C47588332AA0CAB6009A9DCA /* FeedStoreSpy.swift */; };
		C47588362AA230C6009A9DCA /* ValidateFeedCacheUseCaseTests.swift in Sources */ = {isa = PBXBuildFile; fileRef = C47588352AA230C6009A9DCA /* ValidateFeedCacheUseCaseTests.swift */; };
		C47588382AA23610009A9DCA /* FeedCacheTestHelpers.swift in Sources */ = {isa = PBXBuildFile; fileRef = C47588372AA23610009A9DCA /* FeedCacheTestHelpers.swift */; };
		C475883A2AA236D1009A9DCA /* SharedTestHelpers.swift in Sources */ = {isa = PBXBuildFile; fileRef = C47588392AA236D1009A9DCA /* SharedTestHelpers.swift */; };
		C48196CA2A879D6200CAC604 /* XCTTestCase+MemoryLeakTracking.swift in Sources */ = {isa = PBXBuildFile; fileRef = C42D04F02A86246400682B5B /* XCTTestCase+MemoryLeakTracking.swift */; };
		C4C53B0A2AAF322C00B83E10 /* CoreDataHelpers.swift in Sources */ = {isa = PBXBuildFile; fileRef = C4C53B092AAF322C00B83E10 /* CoreDataHelpers.swift */; };
		C4C53B0C2AAF32C800B83E10 /* ManagedCache.swift in Sources */ = {isa = PBXBuildFile; fileRef = C4C53B0B2AAF32C800B83E10 /* ManagedCache.swift */; };
		C4C53B0E2AAF331700B83E10 /* ManagedFeedImage.swift in Sources */ = {isa = PBXBuildFile; fileRef = C4C53B0D2AAF331700B83E10 /* ManagedFeedImage.swift */; };
		C4C53B162AB9ADD000B83E10 /* EssentialFeedCacheIntegrationTests.swift in Sources */ = {isa = PBXBuildFile; fileRef = C4C53B152AB9ADD000B83E10 /* EssentialFeedCacheIntegrationTests.swift */; };
		C4C53B172AB9ADD000B83E10 /* EssentialFeed.framework in Frameworks */ = {isa = PBXBuildFile; fileRef = C4F44DAE2A7E5E7900D8ADA6 /* EssentialFeed.framework */; };
		C4F44DB32A7E5E7900D8ADA6 /* EssentialFeed.docc in Sources */ = {isa = PBXBuildFile; fileRef = C4F44DB22A7E5E7900D8ADA6 /* EssentialFeed.docc */; };
		C4F44DB92A7E5E7900D8ADA6 /* EssentialFeed.framework in Frameworks */ = {isa = PBXBuildFile; fileRef = C4F44DAE2A7E5E7900D8ADA6 /* EssentialFeed.framework */; };
		C4F44DBE2A7E5E7900D8ADA6 /* EssentialFeedTests.swift in Sources */ = {isa = PBXBuildFile; fileRef = C4F44DBD2A7E5E7900D8ADA6 /* EssentialFeedTests.swift */; };
		C4F44DBF2A7E5E7900D8ADA6 /* EssentialFeed.h in Headers */ = {isa = PBXBuildFile; fileRef = C4F44DB12A7E5E7900D8ADA6 /* EssentialFeed.h */; settings = {ATTRIBUTES = (Public, ); }; };
		C4F44DC92A7E5E9200D8ADA6 /* FeedImage.swift in Sources */ = {isa = PBXBuildFile; fileRef = C4F44DC82A7E5E9200D8ADA6 /* FeedImage.swift */; };
		C4F44DCB2A7E5F2000D8ADA6 /* FeedLoader.swift in Sources */ = {isa = PBXBuildFile; fileRef = C4F44DCA2A7E5F2000D8ADA6 /* FeedLoader.swift */; };
		C4F44DCE2A7F7B1900D8ADA6 /* LoadFeedFromRemoteUseCaseTests.swift in Sources */ = {isa = PBXBuildFile; fileRef = C4F44DCD2A7F7B1900D8ADA6 /* LoadFeedFromRemoteUseCaseTests.swift */; };
		C4F44DD02A7FCE9F00D8ADA6 /* RemoteFeedLoader.swift in Sources */ = {isa = PBXBuildFile; fileRef = C4F44DCF2A7FCE9F00D8ADA6 /* RemoteFeedLoader.swift */; };
		C4F44DD32A824E1200D8ADA6 /* HTTPClient.swift in Sources */ = {isa = PBXBuildFile; fileRef = C4F44DD22A824E1200D8ADA6 /* HTTPClient.swift */; };
		C4F44DD52A824E5500D8ADA6 /* FeedItemsMapper.swift in Sources */ = {isa = PBXBuildFile; fileRef = C4F44DD42A824E5500D8ADA6 /* FeedItemsMapper.swift */; };
		C4F44E112A84B5F700D8ADA6 /* URLSessionHTTPClientTests.swift in Sources */ = {isa = PBXBuildFile; fileRef = C4F44E102A84B5F700D8ADA6 /* URLSessionHTTPClientTests.swift */; };
/* End PBXBuildFile section */

/* Begin PBXContainerItemProxy section */
		C42D04FD2A87977600682B5B /* PBXContainerItemProxy */ = {
			isa = PBXContainerItemProxy;
			containerPortal = C4F44DA52A7E5E7900D8ADA6 /* Project object */;
			proxyType = 1;
			remoteGlobalIDString = C4F44DAD2A7E5E7900D8ADA6;
			remoteInfo = EssentialFeed;
		};
		C4C53B182AB9ADD000B83E10 /* PBXContainerItemProxy */ = {
			isa = PBXContainerItemProxy;
			containerPortal = C4F44DA52A7E5E7900D8ADA6 /* Project object */;
			proxyType = 1;
			remoteGlobalIDString = C4F44DAD2A7E5E7900D8ADA6;
			remoteInfo = EssentialFeed;
		};
		C4F44DBA2A7E5E7900D8ADA6 /* PBXContainerItemProxy */ = {
			isa = PBXContainerItemProxy;
			containerPortal = C4F44DA52A7E5E7900D8ADA6 /* Project object */;
			proxyType = 1;
			remoteGlobalIDString = C4F44DAD2A7E5E7900D8ADA6;
			remoteInfo = EssentialFeed;
		};
/* End PBXContainerItemProxy section */

/* Begin PBXFileReference section */
		C42D04F02A86246400682B5B /* XCTTestCase+MemoryLeakTracking.swift */ = {isa = PBXFileReference; lastKnownFileType = sourcecode.swift; path = "XCTTestCase+MemoryLeakTracking.swift"; sourceTree = "<group>"; };
		C42D04F22A865EDE00682B5B /* URLSessionHTTPClient.swift */ = {isa = PBXFileReference; lastKnownFileType = sourcecode.swift; path = URLSessionHTTPClient.swift; sourceTree = "<group>"; };
		C42D04F82A87977600682B5B /* EssentialFeedAPIEndToEndTests.xctest */ = {isa = PBXFileReference; explicitFileType = wrapper.cfbundle; includeInIndex = 0; path = EssentialFeedAPIEndToEndTests.xctest; sourceTree = BUILT_PRODUCTS_DIR; };
		C42D04FA2A87977600682B5B /* EssentialFeedAPIEndToEndTests.swift */ = {isa = PBXFileReference; lastKnownFileType = sourcecode.swift; path = EssentialFeedAPIEndToEndTests.swift; sourceTree = "<group>"; };
		C42F22812A9E2F6C00DD8482 /* CacheFeedUseCaseTests.swift */ = {isa = PBXFileReference; lastKnownFileType = sourcecode.swift; path = CacheFeedUseCaseTests.swift; sourceTree = "<group>"; };
		C42F22842A9F2BC100DD8482 /* LocalFeedLoader.swift */ = {isa = PBXFileReference; lastKnownFileType = sourcecode.swift; path = LocalFeedLoader.swift; sourceTree = "<group>"; };
		C42F22862A9F2C3F00DD8482 /* FeedStore.swift */ = {isa = PBXFileReference; lastKnownFileType = sourcecode.swift; path = FeedStore.swift; sourceTree = "<group>"; };
		C42F22882A9F608E00DD8482 /* RemoteFeedItem.swift */ = {isa = PBXFileReference; lastKnownFileType = sourcecode.swift; path = RemoteFeedItem.swift; sourceTree = "<group>"; };
		C42F228A2A9F60DC00DD8482 /* LocalFeedImage.swift */ = {isa = PBXFileReference; lastKnownFileType = sourcecode.swift; path = LocalFeedImage.swift; sourceTree = "<group>"; };
		C4563E862AA376AE00D35DA5 /* FeedCachePolicy.swift */ = {isa = PBXFileReference; lastKnownFileType = sourcecode.swift; path = FeedCachePolicy.swift; sourceTree = "<group>"; };
		C4563E882AA5D30600D35DA5 /* CodableFeedStoreTests.swift */ = {isa = PBXFileReference; lastKnownFileType = sourcecode.swift; path = CodableFeedStoreTests.swift; sourceTree = "<group>"; };
		C4563E8C2AA784D500D35DA5 /* CodableFeedStore.swift */ = {isa = PBXFileReference; lastKnownFileType = sourcecode.swift; path = CodableFeedStore.swift; sourceTree = "<group>"; };
		C45C97812AA9B216009DE477 /* FeedStoreSpecs.swift */ = {isa = PBXFileReference; lastKnownFileType = sourcecode.swift; path = FeedStoreSpecs.swift; sourceTree = "<group>"; };
		C45C97832AA9B292009DE477 /* XCTestCase+FeedStoreSpecs.swift */ = {isa = PBXFileReference; lastKnownFileType = sourcecode.swift; path = "XCTestCase+FeedStoreSpecs.swift"; sourceTree = "<group>"; };
		C45ED0062AACD7E600F1CEDF /* CoreDataFeedStoreTests.swift */ = {isa = PBXFileReference; lastKnownFileType = sourcecode.swift; path = CoreDataFeedStoreTests.swift; sourceTree = "<group>"; };
		C45ED0082AACD8BD00F1CEDF /* CoreDataFeedStore.swift */ = {isa = PBXFileReference; lastKnownFileType = sourcecode.swift; path = CoreDataFeedStore.swift; sourceTree = "<group>"; };
		C45ED00B2AACDC2100F1CEDF /* FeedStore.xcdatamodel */ = {isa = PBXFileReference; lastKnownFileType = wrapper.xcdatamodel; path = FeedStore.xcdatamodel; sourceTree = "<group>"; };
		C47588302AA0C9E8009A9DCA /* LoadFeedFromCacheUseCaseTests.swift */ = {isa = PBXFileReference; lastKnownFileType = sourcecode.swift; path = LoadFeedFromCacheUseCaseTests.swift; sourceTree = "<group>"; };
		C47588332AA0CAB6009A9DCA /* FeedStoreSpy.swift */ = {isa = PBXFileReference; lastKnownFileType = sourcecode.swift; path = FeedStoreSpy.swift; sourceTree = "<group>"; };
		C47588352AA230C6009A9DCA /* ValidateFeedCacheUseCaseTests.swift */ = {isa = PBXFileReference; lastKnownFileType = sourcecode.swift; path = ValidateFeedCacheUseCaseTests.swift; sourceTree = "<group>"; };
		C47588372AA23610009A9DCA /* FeedCacheTestHelpers.swift */ = {isa = PBXFileReference; lastKnownFileType = sourcecode.swift; path = FeedCacheTestHelpers.swift; sourceTree = "<group>"; };
		C47588392AA236D1009A9DCA /* SharedTestHelpers.swift */ = {isa = PBXFileReference; lastKnownFileType = sourcecode.swift; path = SharedTestHelpers.swift; sourceTree = "<group>"; };
		C4C53B092AAF322C00B83E10 /* CoreDataHelpers.swift */ = {isa = PBXFileReference; lastKnownFileType = sourcecode.swift; path = CoreDataHelpers.swift; sourceTree = "<group>"; };
		C4C53B0B2AAF32C800B83E10 /* ManagedCache.swift */ = {isa = PBXFileReference; lastKnownFileType = sourcecode.swift; path = ManagedCache.swift; sourceTree = "<group>"; };
		C4C53B0D2AAF331700B83E10 /* ManagedFeedImage.swift */ = {isa = PBXFileReference; lastKnownFileType = sourcecode.swift; path = ManagedFeedImage.swift; sourceTree = "<group>"; };
		C4C53B132AB9ADD000B83E10 /* EssentialFeedCacheIntegrationTests.xctest */ = {isa = PBXFileReference; explicitFileType = wrapper.cfbundle; includeInIndex = 0; path = EssentialFeedCacheIntegrationTests.xctest; sourceTree = BUILT_PRODUCTS_DIR; };
		C4C53B152AB9ADD000B83E10 /* EssentialFeedCacheIntegrationTests.swift */ = {isa = PBXFileReference; lastKnownFileType = sourcecode.swift; path = EssentialFeedCacheIntegrationTests.swift; sourceTree = "<group>"; };
		C4F44DAE2A7E5E7900D8ADA6 /* EssentialFeed.framework */ = {isa = PBXFileReference; explicitFileType = wrapper.framework; includeInIndex = 0; path = EssentialFeed.framework; sourceTree = BUILT_PRODUCTS_DIR; };
		C4F44DB12A7E5E7900D8ADA6 /* EssentialFeed.h */ = {isa = PBXFileReference; lastKnownFileType = sourcecode.c.h; path = EssentialFeed.h; sourceTree = "<group>"; };
		C4F44DB22A7E5E7900D8ADA6 /* EssentialFeed.docc */ = {isa = PBXFileReference; lastKnownFileType = folder.documentationcatalog; path = EssentialFeed.docc; sourceTree = "<group>"; };
		C4F44DB82A7E5E7900D8ADA6 /* EssentialFeedTests.xctest */ = {isa = PBXFileReference; explicitFileType = wrapper.cfbundle; includeInIndex = 0; path = EssentialFeedTests.xctest; sourceTree = BUILT_PRODUCTS_DIR; };
		C4F44DBD2A7E5E7900D8ADA6 /* EssentialFeedTests.swift */ = {isa = PBXFileReference; lastKnownFileType = sourcecode.swift; path = EssentialFeedTests.swift; sourceTree = "<group>"; };
		C4F44DC82A7E5E9200D8ADA6 /* FeedImage.swift */ = {isa = PBXFileReference; lastKnownFileType = sourcecode.swift; path = FeedImage.swift; sourceTree = "<group>"; };
		C4F44DCA2A7E5F2000D8ADA6 /* FeedLoader.swift */ = {isa = PBXFileReference; lastKnownFileType = sourcecode.swift; path = FeedLoader.swift; sourceTree = "<group>"; };
		C4F44DCD2A7F7B1900D8ADA6 /* LoadFeedFromRemoteUseCaseTests.swift */ = {isa = PBXFileReference; lastKnownFileType = sourcecode.swift; path = LoadFeedFromRemoteUseCaseTests.swift; sourceTree = "<group>"; };
		C4F44DCF2A7FCE9F00D8ADA6 /* RemoteFeedLoader.swift */ = {isa = PBXFileReference; lastKnownFileType = sourcecode.swift; path = RemoteFeedLoader.swift; sourceTree = "<group>"; };
		C4F44DD22A824E1200D8ADA6 /* HTTPClient.swift */ = {isa = PBXFileReference; lastKnownFileType = sourcecode.swift; path = HTTPClient.swift; sourceTree = "<group>"; };
		C4F44DD42A824E5500D8ADA6 /* FeedItemsMapper.swift */ = {isa = PBXFileReference; lastKnownFileType = sourcecode.swift; path = FeedItemsMapper.swift; sourceTree = "<group>"; };
		C4F44E102A84B5F700D8ADA6 /* URLSessionHTTPClientTests.swift */ = {isa = PBXFileReference; lastKnownFileType = sourcecode.swift; path = URLSessionHTTPClientTests.swift; sourceTree = "<group>"; };
/* End PBXFileReference section */

/* Begin PBXFrameworksBuildPhase section */
		C42D04F52A87977600682B5B /* Frameworks */ = {
			isa = PBXFrameworksBuildPhase;
			buildActionMask = 2147483647;
			files = (
				C42D04FC2A87977600682B5B /* EssentialFeed.framework in Frameworks */,
			);
			runOnlyForDeploymentPostprocessing = 0;
		};
		C4C53B102AB9ADD000B83E10 /* Frameworks */ = {
			isa = PBXFrameworksBuildPhase;
			buildActionMask = 2147483647;
			files = (
				C4C53B172AB9ADD000B83E10 /* EssentialFeed.framework in Frameworks */,
			);
			runOnlyForDeploymentPostprocessing = 0;
		};
		C4F44DAB2A7E5E7900D8ADA6 /* Frameworks */ = {
			isa = PBXFrameworksBuildPhase;
			buildActionMask = 2147483647;
			files = (
			);
			runOnlyForDeploymentPostprocessing = 0;
		};
		C4F44DB52A7E5E7900D8ADA6 /* Frameworks */ = {
			isa = PBXFrameworksBuildPhase;
			buildActionMask = 2147483647;
			files = (
				C4F44DB92A7E5E7900D8ADA6 /* EssentialFeed.framework in Frameworks */,
			);
			runOnlyForDeploymentPostprocessing = 0;
		};
/* End PBXFrameworksBuildPhase section */

/* Begin PBXGroup section */
		C42D04EF2A86242A00682B5B /* Helpers */ = {
			isa = PBXGroup;
			children = (
				C42D04F02A86246400682B5B /* XCTTestCase+MemoryLeakTracking.swift */,
				C47588392AA236D1009A9DCA /* SharedTestHelpers.swift */,
			);
			path = Helpers;
			sourceTree = "<group>";
		};
		C42D04F92A87977600682B5B /* EssentialFeedAPIEndToEndTests */ = {
			isa = PBXGroup;
			children = (
				C42D04FA2A87977600682B5B /* EssentialFeedAPIEndToEndTests.swift */,
			);
			path = EssentialFeedAPIEndToEndTests;
			sourceTree = "<group>";
		};
		C42F22802A9E2F5200DD8482 /* Feed Cache */ = {
			isa = PBXGroup;
			children = (
				C47588322AA0CAA9009A9DCA /* Helpers */,
				C42F22812A9E2F6C00DD8482 /* CacheFeedUseCaseTests.swift */,
				C47588302AA0C9E8009A9DCA /* LoadFeedFromCacheUseCaseTests.swift */,
				C47588352AA230C6009A9DCA /* ValidateFeedCacheUseCaseTests.swift */,
				C4563E882AA5D30600D35DA5 /* CodableFeedStoreTests.swift */,
				C45C97812AA9B216009DE477 /* FeedStoreSpecs.swift */,
				C45C97832AA9B292009DE477 /* XCTestCase+FeedStoreSpecs.swift */,
			);
			path = "Feed Cache";
			sourceTree = "<group>";
		};
		C42F22832A9F2B9E00DD8482 /* FeedCache */ = {
			isa = PBXGroup;
			children = (
				C4C53B062AAF30B600B83E10 /* Infrastructure */,
				C42F22842A9F2BC100DD8482 /* LocalFeedLoader.swift */,
				C42F228A2A9F60DC00DD8482 /* LocalFeedImage.swift */,
				C4563E862AA376AE00D35DA5 /* FeedCachePolicy.swift */,
			);
			path = FeedCache;
			sourceTree = "<group>";
		};
		C47588322AA0CAA9009A9DCA /* Helpers */ = {
			isa = PBXGroup;
			children = (
				C47588332AA0CAB6009A9DCA /* FeedStoreSpy.swift */,
				C47588372AA23610009A9DCA /* FeedCacheTestHelpers.swift */,
			);
			path = Helpers;
			sourceTree = "<group>";
		};
		C4C53B062AAF30B600B83E10 /* Infrastructure */ = {
			isa = PBXGroup;
			children = (
				C4C53B082AAF31BF00B83E10 /* Codable */,
				C4C53B072AAF31B300B83E10 /* CoreData */,
			);
			path = Infrastructure;
			sourceTree = "<group>";
		};
		C4C53B072AAF31B300B83E10 /* CoreData */ = {
			isa = PBXGroup;
			children = (
				C45ED0082AACD8BD00F1CEDF /* CoreDataFeedStore.swift */,
				C42F22862A9F2C3F00DD8482 /* FeedStore.swift */,
				C4C53B092AAF322C00B83E10 /* CoreDataHelpers.swift */,
				C4C53B0B2AAF32C800B83E10 /* ManagedCache.swift */,
				C4C53B0D2AAF331700B83E10 /* ManagedFeedImage.swift */,
			);
			path = CoreData;
			sourceTree = "<group>";
		};
		C4C53B082AAF31BF00B83E10 /* Codable */ = {
			isa = PBXGroup;
			children = (
				C4563E8C2AA784D500D35DA5 /* CodableFeedStore.swift */,
			);
			path = Codable;
			sourceTree = "<group>";
		};
		C4C53B142AB9ADD000B83E10 /* EssentialFeedCacheIntegrationTests */ = {
			isa = PBXGroup;
			children = (
				C4C53B152AB9ADD000B83E10 /* EssentialFeedCacheIntegrationTests.swift */,
			);
			path = EssentialFeedCacheIntegrationTests;
			sourceTree = "<group>";
		};
		C4F44DA42A7E5E7900D8ADA6 = {
			isa = PBXGroup;
			children = (
				C4F44DB02A7E5E7900D8ADA6 /* EssentialFeed */,
				C4F44DBC2A7E5E7900D8ADA6 /* EssentialFeedTests */,
				C42D04F92A87977600682B5B /* EssentialFeedAPIEndToEndTests */,
				C4C53B142AB9ADD000B83E10 /* EssentialFeedCacheIntegrationTests */,
				C4F44DAF2A7E5E7900D8ADA6 /* Products */,
			);
			sourceTree = "<group>";
		};
		C4F44DAF2A7E5E7900D8ADA6 /* Products */ = {
			isa = PBXGroup;
			children = (
				C4F44DAE2A7E5E7900D8ADA6 /* EssentialFeed.framework */,
				C4F44DB82A7E5E7900D8ADA6 /* EssentialFeedTests.xctest */,
				C42D04F82A87977600682B5B /* EssentialFeedAPIEndToEndTests.xctest */,
				C4C53B132AB9ADD000B83E10 /* EssentialFeedCacheIntegrationTests.xctest */,
			);
			name = Products;
			sourceTree = "<group>";
		};
		C4F44DB02A7E5E7900D8ADA6 /* EssentialFeed */ = {
			isa = PBXGroup;
			children = (
				C4F44DB12A7E5E7900D8ADA6 /* EssentialFeed.h */,
				C4F44DB22A7E5E7900D8ADA6 /* EssentialFeed.docc */,
				C42F22832A9F2B9E00DD8482 /* FeedCache */,
				C4F44DCC2A7E5FB800D8ADA6 /* FeedFeature */,
				C4F44DD12A7FCEA300D8ADA6 /* Feed API */,
				C45ED00A2AACDC2100F1CEDF /* FeedStore.xcdatamodeld */,
			);
			path = EssentialFeed;
			sourceTree = "<group>";
		};
		C4F44DBC2A7E5E7900D8ADA6 /* EssentialFeedTests */ = {
			isa = PBXGroup;
			children = (
				C42D04EF2A86242A00682B5B /* Helpers */,
				C42F22802A9E2F5200DD8482 /* Feed Cache */,
				C4F44DBD2A7E5E7900D8ADA6 /* EssentialFeedTests.swift */,
				C4F44DD62A825DE300D8ADA6 /* Feed API */,
				C45ED0062AACD7E600F1CEDF /* CoreDataFeedStoreTests.swift */,
			);
			path = EssentialFeedTests;
			sourceTree = "<group>";
		};
		C4F44DCC2A7E5FB800D8ADA6 /* FeedFeature */ = {
			isa = PBXGroup;
			children = (
				C4F44DC82A7E5E9200D8ADA6 /* FeedImage.swift */,
				C4F44DCA2A7E5F2000D8ADA6 /* FeedLoader.swift */,
			);
			path = FeedFeature;
			sourceTree = "<group>";
		};
		C4F44DD12A7FCEA300D8ADA6 /* Feed API */ = {
			isa = PBXGroup;
			children = (
				C4F44DCF2A7FCE9F00D8ADA6 /* RemoteFeedLoader.swift */,
				C4F44DD22A824E1200D8ADA6 /* HTTPClient.swift */,
				C4F44DD42A824E5500D8ADA6 /* FeedItemsMapper.swift */,
				C42D04F22A865EDE00682B5B /* URLSessionHTTPClient.swift */,
				C42F22882A9F608E00DD8482 /* RemoteFeedItem.swift */,
			);
			path = "Feed API";
			sourceTree = "<group>";
		};
		C4F44DD62A825DE300D8ADA6 /* Feed API */ = {
			isa = PBXGroup;
			children = (
				C4F44DCD2A7F7B1900D8ADA6 /* LoadFeedFromRemoteUseCaseTests.swift */,
				C4F44E102A84B5F700D8ADA6 /* URLSessionHTTPClientTests.swift */,
			);
			path = "Feed API";
			sourceTree = "<group>";
		};
/* End PBXGroup section */

/* Begin PBXHeadersBuildPhase section */
		C4F44DA92A7E5E7900D8ADA6 /* Headers */ = {
			isa = PBXHeadersBuildPhase;
			buildActionMask = 2147483647;
			files = (
				C4F44DBF2A7E5E7900D8ADA6 /* EssentialFeed.h in Headers */,
			);
			runOnlyForDeploymentPostprocessing = 0;
		};
/* End PBXHeadersBuildPhase section */

/* Begin PBXNativeTarget section */
		C42D04F72A87977600682B5B /* EssentialFeedAPIEndToEndTests */ = {
			isa = PBXNativeTarget;
			buildConfigurationList = C42D04FF2A87977600682B5B /* Build configuration list for PBXNativeTarget "EssentialFeedAPIEndToEndTests" */;
			buildPhases = (
				C42D04F42A87977600682B5B /* Sources */,
				C42D04F52A87977600682B5B /* Frameworks */,
				C42D04F62A87977600682B5B /* Resources */,
			);
			buildRules = (
			);
			dependencies = (
				C42D04FE2A87977600682B5B /* PBXTargetDependency */,
			);
			name = EssentialFeedAPIEndToEndTests;
			productName = EssentialFeedAPIEndToEndTests;
			productReference = C42D04F82A87977600682B5B /* EssentialFeedAPIEndToEndTests.xctest */;
			productType = "com.apple.product-type.bundle.unit-test";
		};
		C4C53B122AB9ADD000B83E10 /* EssentialFeedCacheIntegrationTests */ = {
			isa = PBXNativeTarget;
			buildConfigurationList = C4C53B1C2AB9ADD000B83E10 /* Build configuration list for PBXNativeTarget "EssentialFeedCacheIntegrationTests" */;
			buildPhases = (
				C4C53B0F2AB9ADD000B83E10 /* Sources */,
				C4C53B102AB9ADD000B83E10 /* Frameworks */,
				C4C53B112AB9ADD000B83E10 /* Resources */,
			);
			buildRules = (
			);
			dependencies = (
				C4C53B192AB9ADD000B83E10 /* PBXTargetDependency */,
			);
			name = EssentialFeedCacheIntegrationTests;
			productName = EssentialFeedCacheIntegrationTests;
			productReference = C4C53B132AB9ADD000B83E10 /* EssentialFeedCacheIntegrationTests.xctest */;
			productType = "com.apple.product-type.bundle.unit-test";
		};
		C4F44DAD2A7E5E7900D8ADA6 /* EssentialFeed */ = {
			isa = PBXNativeTarget;
			buildConfigurationList = C4F44DC22A7E5E7900D8ADA6 /* Build configuration list for PBXNativeTarget "EssentialFeed" */;
			buildPhases = (
				C4F44DA92A7E5E7900D8ADA6 /* Headers */,
				C4F44DAA2A7E5E7900D8ADA6 /* Sources */,
				C4F44DAB2A7E5E7900D8ADA6 /* Frameworks */,
				C4F44DAC2A7E5E7900D8ADA6 /* Resources */,
			);
			buildRules = (
			);
			dependencies = (
			);
			name = EssentialFeed;
			productName = EssentialFeed;
			productReference = C4F44DAE2A7E5E7900D8ADA6 /* EssentialFeed.framework */;
			productType = "com.apple.product-type.framework";
		};
		C4F44DB72A7E5E7900D8ADA6 /* EssentialFeedTests */ = {
			isa = PBXNativeTarget;
			buildConfigurationList = C4F44DC52A7E5E7900D8ADA6 /* Build configuration list for PBXNativeTarget "EssentialFeedTests" */;
			buildPhases = (
				C4F44DB42A7E5E7900D8ADA6 /* Sources */,
				C4F44DB52A7E5E7900D8ADA6 /* Frameworks */,
				C4F44DB62A7E5E7900D8ADA6 /* Resources */,
			);
			buildRules = (
			);
			dependencies = (
				C4F44DBB2A7E5E7900D8ADA6 /* PBXTargetDependency */,
			);
			name = EssentialFeedTests;
			productName = EssentialFeedTests;
			productReference = C4F44DB82A7E5E7900D8ADA6 /* EssentialFeedTests.xctest */;
			productType = "com.apple.product-type.bundle.unit-test";
		};
/* End PBXNativeTarget section */

/* Begin PBXProject section */
		C4F44DA52A7E5E7900D8ADA6 /* Project object */ = {
			isa = PBXProject;
			attributes = {
				BuildIndependentTargetsInParallel = 1;
				LastSwiftUpdateCheck = 1420;
				LastUpgradeCheck = 1420;
				TargetAttributes = {
					C42D04F72A87977600682B5B = {
						CreatedOnToolsVersion = 14.2;
					};
					C4C53B122AB9ADD000B83E10 = {
						CreatedOnToolsVersion = 14.2;
					};
					C4F44DAD2A7E5E7900D8ADA6 = {
						CreatedOnToolsVersion = 14.2;
					};
					C4F44DB72A7E5E7900D8ADA6 = {
						CreatedOnToolsVersion = 14.2;
					};
				};
			};
			buildConfigurationList = C4F44DA82A7E5E7900D8ADA6 /* Build configuration list for PBXProject "EssentialFeed" */;
			compatibilityVersion = "Xcode 14.0";
			developmentRegion = en;
			hasScannedForEncodings = 0;
			knownRegions = (
				en,
				Base,
			);
			mainGroup = C4F44DA42A7E5E7900D8ADA6;
			productRefGroup = C4F44DAF2A7E5E7900D8ADA6 /* Products */;
			projectDirPath = "";
			projectRoot = "";
			targets = (
				C4F44DAD2A7E5E7900D8ADA6 /* EssentialFeed */,
				C4F44DB72A7E5E7900D8ADA6 /* EssentialFeedTests */,
				C42D04F72A87977600682B5B /* EssentialFeedAPIEndToEndTests */,
				C4C53B122AB9ADD000B83E10 /* EssentialFeedCacheIntegrationTests */,
			);
		};
/* End PBXProject section */

/* Begin PBXResourcesBuildPhase section */
		C42D04F62A87977600682B5B /* Resources */ = {
			isa = PBXResourcesBuildPhase;
			buildActionMask = 2147483647;
			files = (
			);
			runOnlyForDeploymentPostprocessing = 0;
		};
		C4C53B112AB9ADD000B83E10 /* Resources */ = {
			isa = PBXResourcesBuildPhase;
			buildActionMask = 2147483647;
			files = (
			);
			runOnlyForDeploymentPostprocessing = 0;
		};
		C4F44DAC2A7E5E7900D8ADA6 /* Resources */ = {
			isa = PBXResourcesBuildPhase;
			buildActionMask = 2147483647;
			files = (
			);
			runOnlyForDeploymentPostprocessing = 0;
		};
		C4F44DB62A7E5E7900D8ADA6 /* Resources */ = {
			isa = PBXResourcesBuildPhase;
			buildActionMask = 2147483647;
			files = (
			);
			runOnlyForDeploymentPostprocessing = 0;
		};
/* End PBXResourcesBuildPhase section */

/* Begin PBXSourcesBuildPhase section */
		C42D04F42A87977600682B5B /* Sources */ = {
			isa = PBXSourcesBuildPhase;
			buildActionMask = 2147483647;
			files = (
				C48196CA2A879D6200CAC604 /* XCTTestCase+MemoryLeakTracking.swift in Sources */,
				C42D04FB2A87977600682B5B /* EssentialFeedAPIEndToEndTests.swift in Sources */,
			);
			runOnlyForDeploymentPostprocessing = 0;
		};
		C4C53B0F2AB9ADD000B83E10 /* Sources */ = {
			isa = PBXSourcesBuildPhase;
			buildActionMask = 2147483647;
			files = (
				C4C53B162AB9ADD000B83E10 /* EssentialFeedCacheIntegrationTests.swift in Sources */,
			);
			runOnlyForDeploymentPostprocessing = 0;
		};
		C4F44DAA2A7E5E7900D8ADA6 /* Sources */ = {
			isa = PBXSourcesBuildPhase;
			buildActionMask = 2147483647;
			files = (
				C45ED0092AACD8BD00F1CEDF /* CoreDataFeedStore.swift in Sources */,
				C45ED00C2AACDC2100F1CEDF /* FeedStore.xcdatamodeld in Sources */,
				C42F228B2A9F60DC00DD8482 /* LocalFeedImage.swift in Sources */,
				C42F22872A9F2C3F00DD8482 /* FeedStore.swift in Sources */,
				C42D04F32A865EDE00682B5B /* URLSessionHTTPClient.swift in Sources */,
				C4F44DD02A7FCE9F00D8ADA6 /* RemoteFeedLoader.swift in Sources */,
				C4C53B0A2AAF322C00B83E10 /* CoreDataHelpers.swift in Sources */,
				C4F44DD32A824E1200D8ADA6 /* HTTPClient.swift in Sources */,
				C4F44DCB2A7E5F2000D8ADA6 /* FeedLoader.swift in Sources */,
				C4C53B0C2AAF32C800B83E10 /* ManagedCache.swift in Sources */,
				C4F44DD52A824E5500D8ADA6 /* FeedItemsMapper.swift in Sources */,
				C42F22892A9F608E00DD8482 /* RemoteFeedItem.swift in Sources */,
				C4563E8D2AA784D500D35DA5 /* CodableFeedStore.swift in Sources */,
				C4563E872AA376AE00D35DA5 /* FeedCachePolicy.swift in Sources */,
				C4F44DC92A7E5E9200D8ADA6 /* FeedImage.swift in Sources */,
				C4C53B0E2AAF331700B83E10 /* ManagedFeedImage.swift in Sources */,
				C42F22852A9F2BC100DD8482 /* LocalFeedLoader.swift in Sources */,
				C4F44DB32A7E5E7900D8ADA6 /* EssentialFeed.docc in Sources */,
			);
			runOnlyForDeploymentPostprocessing = 0;
		};
		C4F44DB42A7E5E7900D8ADA6 /* Sources */ = {
			isa = PBXSourcesBuildPhase;
			buildActionMask = 2147483647;
			files = (
				C45C97842AA9B292009DE477 /* XCTestCase+FeedStoreSpecs.swift in Sources */,
				C4563E892AA5D30600D35DA5 /* CodableFeedStoreTests.swift in Sources */,
				C4F44DCE2A7F7B1900D8ADA6 /* LoadFeedFromRemoteUseCaseTests.swift in Sources */,
				C4F44E112A84B5F700D8ADA6 /* URLSessionHTTPClientTests.swift in Sources */,
				C475883A2AA236D1009A9DCA /* SharedTestHelpers.swift in Sources */,
				C42D04F12A86246400682B5B /* XCTTestCase+MemoryLeakTracking.swift in Sources */,
				C45ED0072AACD7E600F1CEDF /* CoreDataFeedStoreTests.swift in Sources */,
				C42F22822A9E2F6C00DD8482 /* CacheFeedUseCaseTests.swift in Sources */,
				C47588382AA23610009A9DCA /* FeedCacheTestHelpers.swift in Sources */,
				C47588362AA230C6009A9DCA /* ValidateFeedCacheUseCaseTests.swift in Sources */,
				C47588342AA0CAB6009A9DCA /* FeedStoreSpy.swift in Sources */,
				C47588312AA0C9E8009A9DCA /* LoadFeedFromCacheUseCaseTests.swift in Sources */,
				C45C97822AA9B216009DE477 /* FeedStoreSpecs.swift in Sources */,
				C4F44DBE2A7E5E7900D8ADA6 /* EssentialFeedTests.swift in Sources */,
			);
			runOnlyForDeploymentPostprocessing = 0;
		};
/* End PBXSourcesBuildPhase section */

/* Begin PBXTargetDependency section */
		C42D04FE2A87977600682B5B /* PBXTargetDependency */ = {
			isa = PBXTargetDependency;
			target = C4F44DAD2A7E5E7900D8ADA6 /* EssentialFeed */;
			targetProxy = C42D04FD2A87977600682B5B /* PBXContainerItemProxy */;
		};
		C4C53B192AB9ADD000B83E10 /* PBXTargetDependency */ = {
			isa = PBXTargetDependency;
			target = C4F44DAD2A7E5E7900D8ADA6 /* EssentialFeed */;
			targetProxy = C4C53B182AB9ADD000B83E10 /* PBXContainerItemProxy */;
		};
		C4F44DBB2A7E5E7900D8ADA6 /* PBXTargetDependency */ = {
			isa = PBXTargetDependency;
			target = C4F44DAD2A7E5E7900D8ADA6 /* EssentialFeed */;
			targetProxy = C4F44DBA2A7E5E7900D8ADA6 /* PBXContainerItemProxy */;
		};
/* End PBXTargetDependency section */

/* Begin XCBuildConfiguration section */
		C42D05002A87977600682B5B /* Debug */ = {
			isa = XCBuildConfiguration;
			buildSettings = {
				CODE_SIGN_STYLE = Automatic;
				CURRENT_PROJECT_VERSION = 1;
				DEVELOPMENT_TEAM = 4CX3G85ALP;
				GENERATE_INFOPLIST_FILE = YES;
				MARKETING_VERSION = 1.0;
				PRODUCT_BUNDLE_IDENTIFIER = eyupMert.EssentialFeedAPIEndToEndTests;
				PRODUCT_NAME = "$(TARGET_NAME)";
				SWIFT_EMIT_LOC_STRINGS = NO;
				SWIFT_VERSION = 5.0;
			};
			name = Debug;
		};
		C42D05012A87977600682B5B /* Release */ = {
			isa = XCBuildConfiguration;
			buildSettings = {
				CODE_SIGN_STYLE = Automatic;
				CURRENT_PROJECT_VERSION = 1;
				DEVELOPMENT_TEAM = 4CX3G85ALP;
				GENERATE_INFOPLIST_FILE = YES;
				MARKETING_VERSION = 1.0;
				PRODUCT_BUNDLE_IDENTIFIER = eyupMert.EssentialFeedAPIEndToEndTests;
				PRODUCT_NAME = "$(TARGET_NAME)";
				SWIFT_EMIT_LOC_STRINGS = NO;
				SWIFT_VERSION = 5.0;
			};
			name = Release;
		};
		C4C53B1A2AB9ADD000B83E10 /* Debug */ = {
			isa = XCBuildConfiguration;
			buildSettings = {
				CODE_SIGN_STYLE = Automatic;
				CURRENT_PROJECT_VERSION = 1;
				DEVELOPMENT_TEAM = 4CX3G85ALP;
				GENERATE_INFOPLIST_FILE = YES;
				MACOSX_DEPLOYMENT_TARGET = 13.0;
				MARKETING_VERSION = 1.0;
				PRODUCT_BUNDLE_IDENTIFIER = eyupMert.EssentialFeedCacheIntegrationTests;
				PRODUCT_NAME = "$(TARGET_NAME)";
				SWIFT_EMIT_LOC_STRINGS = NO;
				SWIFT_VERSION = 5.0;
			};
			name = Debug;
		};
		C4C53B1B2AB9ADD000B83E10 /* Release */ = {
			isa = XCBuildConfiguration;
			buildSettings = {
				CODE_SIGN_STYLE = Automatic;
				CURRENT_PROJECT_VERSION = 1;
				DEVELOPMENT_TEAM = 4CX3G85ALP;
				GENERATE_INFOPLIST_FILE = YES;
				MACOSX_DEPLOYMENT_TARGET = 13.0;
				MARKETING_VERSION = 1.0;
				PRODUCT_BUNDLE_IDENTIFIER = eyupMert.EssentialFeedCacheIntegrationTests;
				PRODUCT_NAME = "$(TARGET_NAME)";
				SWIFT_EMIT_LOC_STRINGS = NO;
				SWIFT_VERSION = 5.0;
			};
			name = Release;
		};
		C4F44DC02A7E5E7900D8ADA6 /* Debug */ = {
			isa = XCBuildConfiguration;
			buildSettings = {
				ALWAYS_SEARCH_USER_PATHS = NO;
				CLANG_ANALYZER_NONNULL = YES;
				CLANG_ANALYZER_NUMBER_OBJECT_CONVERSION = YES_AGGRESSIVE;
				CLANG_CXX_LANGUAGE_STANDARD = "gnu++20";
				CLANG_ENABLE_MODULES = YES;
				CLANG_ENABLE_OBJC_ARC = YES;
				CLANG_ENABLE_OBJC_WEAK = YES;
				CLANG_WARN_BLOCK_CAPTURE_AUTORELEASING = YES;
				CLANG_WARN_BOOL_CONVERSION = YES;
				CLANG_WARN_COMMA = YES;
				CLANG_WARN_CONSTANT_CONVERSION = YES;
				CLANG_WARN_DEPRECATED_OBJC_IMPLEMENTATIONS = YES;
				CLANG_WARN_DIRECT_OBJC_ISA_USAGE = YES_ERROR;
				CLANG_WARN_DOCUMENTATION_COMMENTS = YES;
				CLANG_WARN_EMPTY_BODY = YES;
				CLANG_WARN_ENUM_CONVERSION = YES;
				CLANG_WARN_INFINITE_RECURSION = YES;
				CLANG_WARN_INT_CONVERSION = YES;
				CLANG_WARN_NON_LITERAL_NULL_CONVERSION = YES;
				CLANG_WARN_OBJC_IMPLICIT_RETAIN_SELF = YES;
				CLANG_WARN_OBJC_LITERAL_CONVERSION = YES;
				CLANG_WARN_OBJC_ROOT_CLASS = YES_ERROR;
				CLANG_WARN_QUOTED_INCLUDE_IN_FRAMEWORK_HEADER = YES;
				CLANG_WARN_RANGE_LOOP_ANALYSIS = YES;
				CLANG_WARN_STRICT_PROTOTYPES = YES;
				CLANG_WARN_SUSPICIOUS_MOVE = YES;
				CLANG_WARN_UNGUARDED_AVAILABILITY = YES_AGGRESSIVE;
				CLANG_WARN_UNREACHABLE_CODE = YES;
				CLANG_WARN__DUPLICATE_METHOD_MATCH = YES;
				COPY_PHASE_STRIP = NO;
				CURRENT_PROJECT_VERSION = 1;
				DEBUG_INFORMATION_FORMAT = dwarf;
				ENABLE_STRICT_OBJC_MSGSEND = YES;
				ENABLE_TESTABILITY = YES;
				GCC_C_LANGUAGE_STANDARD = gnu11;
				GCC_DYNAMIC_NO_PIC = NO;
				GCC_NO_COMMON_BLOCKS = YES;
				GCC_OPTIMIZATION_LEVEL = 0;
				GCC_PREPROCESSOR_DEFINITIONS = (
					"DEBUG=1",
					"$(inherited)",
				);
				GCC_WARN_64_TO_32_BIT_CONVERSION = YES;
				GCC_WARN_ABOUT_RETURN_TYPE = YES_ERROR;
				GCC_WARN_UNDECLARED_SELECTOR = YES;
				GCC_WARN_UNINITIALIZED_AUTOS = YES_AGGRESSIVE;
				GCC_WARN_UNUSED_FUNCTION = YES;
				GCC_WARN_UNUSED_VARIABLE = YES;
				MACOSX_DEPLOYMENT_TARGET = 12.6;
				MTL_ENABLE_DEBUG_INFO = INCLUDE_SOURCE;
				MTL_FAST_MATH = YES;
				ONLY_ACTIVE_ARCH = YES;
				SDKROOT = macosx;
				SWIFT_ACTIVE_COMPILATION_CONDITIONS = DEBUG;
				SWIFT_OPTIMIZATION_LEVEL = "-Onone";
				VERSIONING_SYSTEM = "apple-generic";
				VERSION_INFO_PREFIX = "";
			};
			name = Debug;
		};
		C4F44DC12A7E5E7900D8ADA6 /* Release */ = {
			isa = XCBuildConfiguration;
			buildSettings = {
				ALWAYS_SEARCH_USER_PATHS = NO;
				CLANG_ANALYZER_NONNULL = YES;
				CLANG_ANALYZER_NUMBER_OBJECT_CONVERSION = YES_AGGRESSIVE;
				CLANG_CXX_LANGUAGE_STANDARD = "gnu++20";
				CLANG_ENABLE_MODULES = YES;
				CLANG_ENABLE_OBJC_ARC = YES;
				CLANG_ENABLE_OBJC_WEAK = YES;
				CLANG_WARN_BLOCK_CAPTURE_AUTORELEASING = YES;
				CLANG_WARN_BOOL_CONVERSION = YES;
				CLANG_WARN_COMMA = YES;
				CLANG_WARN_CONSTANT_CONVERSION = YES;
				CLANG_WARN_DEPRECATED_OBJC_IMPLEMENTATIONS = YES;
				CLANG_WARN_DIRECT_OBJC_ISA_USAGE = YES_ERROR;
				CLANG_WARN_DOCUMENTATION_COMMENTS = YES;
				CLANG_WARN_EMPTY_BODY = YES;
				CLANG_WARN_ENUM_CONVERSION = YES;
				CLANG_WARN_INFINITE_RECURSION = YES;
				CLANG_WARN_INT_CONVERSION = YES;
				CLANG_WARN_NON_LITERAL_NULL_CONVERSION = YES;
				CLANG_WARN_OBJC_IMPLICIT_RETAIN_SELF = YES;
				CLANG_WARN_OBJC_LITERAL_CONVERSION = YES;
				CLANG_WARN_OBJC_ROOT_CLASS = YES_ERROR;
				CLANG_WARN_QUOTED_INCLUDE_IN_FRAMEWORK_HEADER = YES;
				CLANG_WARN_RANGE_LOOP_ANALYSIS = YES;
				CLANG_WARN_STRICT_PROTOTYPES = YES;
				CLANG_WARN_SUSPICIOUS_MOVE = YES;
				CLANG_WARN_UNGUARDED_AVAILABILITY = YES_AGGRESSIVE;
				CLANG_WARN_UNREACHABLE_CODE = YES;
				CLANG_WARN__DUPLICATE_METHOD_MATCH = YES;
				COPY_PHASE_STRIP = NO;
				CURRENT_PROJECT_VERSION = 1;
				DEBUG_INFORMATION_FORMAT = "dwarf-with-dsym";
				ENABLE_NS_ASSERTIONS = NO;
				ENABLE_STRICT_OBJC_MSGSEND = YES;
				GCC_C_LANGUAGE_STANDARD = gnu11;
				GCC_NO_COMMON_BLOCKS = YES;
				GCC_WARN_64_TO_32_BIT_CONVERSION = YES;
				GCC_WARN_ABOUT_RETURN_TYPE = YES_ERROR;
				GCC_WARN_UNDECLARED_SELECTOR = YES;
				GCC_WARN_UNINITIALIZED_AUTOS = YES_AGGRESSIVE;
				GCC_WARN_UNUSED_FUNCTION = YES;
				GCC_WARN_UNUSED_VARIABLE = YES;
				MACOSX_DEPLOYMENT_TARGET = 12.6;
				MTL_ENABLE_DEBUG_INFO = NO;
				MTL_FAST_MATH = YES;
				SDKROOT = macosx;
				SWIFT_COMPILATION_MODE = wholemodule;
				SWIFT_OPTIMIZATION_LEVEL = "-O";
				VERSIONING_SYSTEM = "apple-generic";
				VERSION_INFO_PREFIX = "";
			};
			name = Release;
		};
		C4F44DC32A7E5E7900D8ADA6 /* Debug */ = {
			isa = XCBuildConfiguration;
			buildSettings = {
				CODE_SIGN_STYLE = Automatic;
				COMBINE_HIDPI_IMAGES = YES;
				CURRENT_PROJECT_VERSION = 1;
				DEFINES_MODULE = YES;
				DEVELOPMENT_TEAM = 4CX3G85ALP;
				DYLIB_COMPATIBILITY_VERSION = 1;
				DYLIB_CURRENT_VERSION = 1;
				DYLIB_INSTALL_NAME_BASE = "@rpath";
				GENERATE_INFOPLIST_FILE = YES;
				INFOPLIST_KEY_NSHumanReadableCopyright = "";
				INSTALL_PATH = "$(LOCAL_LIBRARY_DIR)/Frameworks";
				LD_RUNPATH_SEARCH_PATHS = (
					"$(inherited)",
					"@executable_path/../Frameworks",
					"@loader_path/Frameworks",
				);
				MARKETING_VERSION = 1.0;
				PRODUCT_BUNDLE_IDENTIFIER = eyupMert.EssentialFeed;
				PRODUCT_NAME = "$(TARGET_NAME:c99extidentifier)";
				SKIP_INSTALL = YES;
				SWIFT_EMIT_LOC_STRINGS = YES;
				SWIFT_VERSION = 5.0;
			};
			name = Debug;
		};
		C4F44DC42A7E5E7900D8ADA6 /* Release */ = {
			isa = XCBuildConfiguration;
			buildSettings = {
				CODE_SIGN_STYLE = Automatic;
				COMBINE_HIDPI_IMAGES = YES;
				CURRENT_PROJECT_VERSION = 1;
				DEFINES_MODULE = YES;
				DEVELOPMENT_TEAM = 4CX3G85ALP;
				DYLIB_COMPATIBILITY_VERSION = 1;
				DYLIB_CURRENT_VERSION = 1;
				DYLIB_INSTALL_NAME_BASE = "@rpath";
				GENERATE_INFOPLIST_FILE = YES;
				INFOPLIST_KEY_NSHumanReadableCopyright = "";
				INSTALL_PATH = "$(LOCAL_LIBRARY_DIR)/Frameworks";
				LD_RUNPATH_SEARCH_PATHS = (
					"$(inherited)",
					"@executable_path/../Frameworks",
					"@loader_path/Frameworks",
				);
				MARKETING_VERSION = 1.0;
				PRODUCT_BUNDLE_IDENTIFIER = eyupMert.EssentialFeed;
				PRODUCT_NAME = "$(TARGET_NAME:c99extidentifier)";
				SKIP_INSTALL = YES;
				SWIFT_EMIT_LOC_STRINGS = YES;
				SWIFT_VERSION = 5.0;
			};
			name = Release;
		};
		C4F44DC62A7E5E7900D8ADA6 /* Debug */ = {
			isa = XCBuildConfiguration;
			buildSettings = {
				ALWAYS_EMBED_SWIFT_STANDARD_LIBRARIES = YES;
				CODE_SIGN_STYLE = Automatic;
				CURRENT_PROJECT_VERSION = 1;
				DEVELOPMENT_TEAM = 4CX3G85ALP;
				GENERATE_INFOPLIST_FILE = YES;
				MARKETING_VERSION = 1.0;
				PRODUCT_BUNDLE_IDENTIFIER = eyupMert.EssentialFeedTests;
				PRODUCT_NAME = "$(TARGET_NAME)";
				SWIFT_EMIT_LOC_STRINGS = NO;
				SWIFT_VERSION = 5.0;
			};
			name = Debug;
		};
		C4F44DC72A7E5E7900D8ADA6 /* Release */ = {
			isa = XCBuildConfiguration;
			buildSettings = {
				ALWAYS_EMBED_SWIFT_STANDARD_LIBRARIES = YES;
				CODE_SIGN_STYLE = Automatic;
				CURRENT_PROJECT_VERSION = 1;
				DEVELOPMENT_TEAM = 4CX3G85ALP;
				GENERATE_INFOPLIST_FILE = YES;
				MARKETING_VERSION = 1.0;
				PRODUCT_BUNDLE_IDENTIFIER = eyupMert.EssentialFeedTests;
				PRODUCT_NAME = "$(TARGET_NAME)";
				SWIFT_EMIT_LOC_STRINGS = NO;
				SWIFT_VERSION = 5.0;
			};
			name = Release;
		};
/* End XCBuildConfiguration section */

/* Begin XCConfigurationList section */
		C42D04FF2A87977600682B5B /* Build configuration list for PBXNativeTarget "EssentialFeedAPIEndToEndTests" */ = {
			isa = XCConfigurationList;
			buildConfigurations = (
				C42D05002A87977600682B5B /* Debug */,
				C42D05012A87977600682B5B /* Release */,
			);
			defaultConfigurationIsVisible = 0;
			defaultConfigurationName = Release;
		};
		C4C53B1C2AB9ADD000B83E10 /* Build configuration list for PBXNativeTarget "EssentialFeedCacheIntegrationTests" */ = {
			isa = XCConfigurationList;
			buildConfigurations = (
				C4C53B1A2AB9ADD000B83E10 /* Debug */,
				C4C53B1B2AB9ADD000B83E10 /* Release */,
			);
			defaultConfigurationIsVisible = 0;
			defaultConfigurationName = Release;
		};
		C4F44DA82A7E5E7900D8ADA6 /* Build configuration list for PBXProject "EssentialFeed" */ = {
			isa = XCConfigurationList;
			buildConfigurations = (
				C4F44DC02A7E5E7900D8ADA6 /* Debug */,
				C4F44DC12A7E5E7900D8ADA6 /* Release */,
			);
			defaultConfigurationIsVisible = 0;
			defaultConfigurationName = Release;
		};
		C4F44DC22A7E5E7900D8ADA6 /* Build configuration list for PBXNativeTarget "EssentialFeed" */ = {
			isa = XCConfigurationList;
			buildConfigurations = (
				C4F44DC32A7E5E7900D8ADA6 /* Debug */,
				C4F44DC42A7E5E7900D8ADA6 /* Release */,
			);
			defaultConfigurationIsVisible = 0;
			defaultConfigurationName = Release;
		};
		C4F44DC52A7E5E7900D8ADA6 /* Build configuration list for PBXNativeTarget "EssentialFeedTests" */ = {
			isa = XCConfigurationList;
			buildConfigurations = (
				C4F44DC62A7E5E7900D8ADA6 /* Debug */,
				C4F44DC72A7E5E7900D8ADA6 /* Release */,
			);
			defaultConfigurationIsVisible = 0;
			defaultConfigurationName = Release;
		};
/* End XCConfigurationList section */

/* Begin XCVersionGroup section */
		C45ED00A2AACDC2100F1CEDF /* FeedStore.xcdatamodeld */ = {
			isa = XCVersionGroup;
			children = (
				C45ED00B2AACDC2100F1CEDF /* FeedStore.xcdatamodel */,
			);
			currentVersion = C45ED00B2AACDC2100F1CEDF /* FeedStore.xcdatamodel */;
			path = FeedStore.xcdatamodeld;
			sourceTree = "<group>";
			versionGroupType = wrapper.xcdatamodel;
		};
/* End XCVersionGroup section */
	};
	rootObject = C4F44DA52A7E5E7900D8ADA6 /* Project object */;
}
