// !$*UTF8*$!
{
	archiveVersion = 1;
	classes = {
	};
	objectVersion = 56;
	objects = {

/* Begin PBXBuildFile section */
		C4F44DB32A7E5E7900D8ADA6 /* EssentialFeed.docc in Sources */ = {isa = PBXBuildFile; fileRef = C4F44DB22A7E5E7900D8ADA6 /* EssentialFeed.docc */; };
		C4F44DB92A7E5E7900D8ADA6 /* EssentialFeed.framework in Frameworks */ = {isa = PBXBuildFile; fileRef = C4F44DAE2A7E5E7900D8ADA6 /* EssentialFeed.framework */; };
		C4F44DBE2A7E5E7900D8ADA6 /* EssentialFeedTests.swift in Sources */ = {isa = PBXBuildFile; fileRef = C4F44DBD2A7E5E7900D8ADA6 /* EssentialFeedTests.swift */; };
		C4F44DBF2A7E5E7900D8ADA6 /* EssentialFeed.h in Headers */ = {isa = PBXBuildFile; fileRef = C4F44DB12A7E5E7900D8ADA6 /* EssentialFeed.h */; settings = {ATTRIBUTES = (Public, ); }; };
		C4F44DC92A7E5E9200D8ADA6 /* FeedItem.swift in Sources */ = {isa = PBXBuildFile; fileRef = C4F44DC82A7E5E9200D8ADA6 /* FeedItem.swift */; };
		C4F44DCB2A7E5F2000D8ADA6 /* FeedLoader.swift in Sources */ = {isa = PBXBuildFile; fileRef = C4F44DCA2A7E5F2000D8ADA6 /* FeedLoader.swift */; };
		C4F44DCE2A7F7B1900D8ADA6 /* RemoteFeedLoaderTest.swift in Sources */ = {isa = PBXBuildFile; fileRef = C4F44DCD2A7F7B1900D8ADA6 /* RemoteFeedLoaderTest.swift */; };
		C4F44DD02A7FCE9F00D8ADA6 /* RemoteFeedLoader.swift in Sources */ = {isa = PBXBuildFile; fileRef = C4F44DCF2A7FCE9F00D8ADA6 /* RemoteFeedLoader.swift */; };
		C4F44DD32A824E1200D8ADA6 /* HTTPClient.swift in Sources */ = {isa = PBXBuildFile; fileRef = C4F44DD22A824E1200D8ADA6 /* HTTPClient.swift */; };
		C4F44DD52A824E5500D8ADA6 /* FeedItemsMapper.swift in Sources */ = {isa = PBXBuildFile; fileRef = C4F44DD42A824E5500D8ADA6 /* FeedItemsMapper.swift */; };
/* End PBXBuildFile section */

/* Begin PBXContainerItemProxy section */
		C4F44DBA2A7E5E7900D8ADA6 /* PBXContainerItemProxy */ = {
			isa = PBXContainerItemProxy;
			containerPortal = C4F44DA52A7E5E7900D8ADA6 /* Project object */;
			proxyType = 1;
			remoteGlobalIDString = C4F44DAD2A7E5E7900D8ADA6;
			remoteInfo = EssentialFeed;
		};
/* End PBXContainerItemProxy section */

/* Begin PBXFileReference section */
		C4F44DAE2A7E5E7900D8ADA6 /* EssentialFeed.framework */ = {isa = PBXFileReference; explicitFileType = wrapper.framework; includeInIndex = 0; path = EssentialFeed.framework; sourceTree = BUILT_PRODUCTS_DIR; };
		C4F44DB12A7E5E7900D8ADA6 /* EssentialFeed.h */ = {isa = PBXFileReference; lastKnownFileType = sourcecode.c.h; path = EssentialFeed.h; sourceTree = "<group>"; };
		C4F44DB22A7E5E7900D8ADA6 /* EssentialFeed.docc */ = {isa = PBXFileReference; lastKnownFileType = folder.documentationcatalog; path = EssentialFeed.docc; sourceTree = "<group>"; };
		C4F44DB82A7E5E7900D8ADA6 /* EssentialFeedTests.xctest */ = {isa = PBXFileReference; explicitFileType = wrapper.cfbundle; includeInIndex = 0; path = EssentialFeedTests.xctest; sourceTree = BUILT_PRODUCTS_DIR; };
		C4F44DBD2A7E5E7900D8ADA6 /* EssentialFeedTests.swift */ = {isa = PBXFileReference; lastKnownFileType = sourcecode.swift; path = EssentialFeedTests.swift; sourceTree = "<group>"; };
		C4F44DC82A7E5E9200D8ADA6 /* FeedItem.swift */ = {isa = PBXFileReference; lastKnownFileType = sourcecode.swift; path = FeedItem.swift; sourceTree = "<group>"; };
		C4F44DCA2A7E5F2000D8ADA6 /* FeedLoader.swift */ = {isa = PBXFileReference; lastKnownFileType = sourcecode.swift; path = FeedLoader.swift; sourceTree = "<group>"; };
		C4F44DCD2A7F7B1900D8ADA6 /* RemoteFeedLoaderTest.swift */ = {isa = PBXFileReference; lastKnownFileType = sourcecode.swift; path = RemoteFeedLoaderTest.swift; sourceTree = "<group>"; };
		C4F44DCF2A7FCE9F00D8ADA6 /* RemoteFeedLoader.swift */ = {isa = PBXFileReference; lastKnownFileType = sourcecode.swift; path = RemoteFeedLoader.swift; sourceTree = "<group>"; };
		C4F44DD22A824E1200D8ADA6 /* HTTPClient.swift */ = {isa = PBXFileReference; lastKnownFileType = sourcecode.swift; path = HTTPClient.swift; sourceTree = "<group>"; };
		C4F44DD42A824E5500D8ADA6 /* FeedItemsMapper.swift */ = {isa = PBXFileReference; lastKnownFileType = sourcecode.swift; path = FeedItemsMapper.swift; sourceTree = "<group>"; };
/* End PBXFileReference section */

/* Begin PBXFrameworksBuildPhase section */
		C4F44DAB2A7E5E7900D8ADA6 /* Frameworks */ = {
			isa = PBXFrameworksBuildPhase;
			buildActionMask = 2147483647;
			files = (
			);
			runOnlyForDeploymentPostprocessing = 0;
		};
		C4F44DB52A7E5E7900D8ADA6 /* Frameworks */ = {
			isa = PBXFrameworksBuildPhase;
			buildActionMask = 2147483647;
			files = (
				C4F44DB92A7E5E7900D8ADA6 /* EssentialFeed.framework in Frameworks */,
			);
			runOnlyForDeploymentPostprocessing = 0;
		};
/* End PBXFrameworksBuildPhase section */

/* Begin PBXGroup section */
		C4F44DA42A7E5E7900D8ADA6 = {
			isa = PBXGroup;
			children = (
				C4F44DB02A7E5E7900D8ADA6 /* EssentialFeed */,
				C4F44DBC2A7E5E7900D8ADA6 /* EssentialFeedTests */,
				C4F44DAF2A7E5E7900D8ADA6 /* Products */,
			);
			sourceTree = "<group>";
		};
		C4F44DAF2A7E5E7900D8ADA6 /* Products */ = {
			isa = PBXGroup;
			children = (
				C4F44DAE2A7E5E7900D8ADA6 /* EssentialFeed.framework */,
				C4F44DB82A7E5E7900D8ADA6 /* EssentialFeedTests.xctest */,
			);
			name = Products;
			sourceTree = "<group>";
		};
		C4F44DB02A7E5E7900D8ADA6 /* EssentialFeed */ = {
			isa = PBXGroup;
			children = (
				C4F44DB12A7E5E7900D8ADA6 /* EssentialFeed.h */,
				C4F44DB22A7E5E7900D8ADA6 /* EssentialFeed.docc */,
				C4F44DCC2A7E5FB800D8ADA6 /* FeedFeature */,
				C4F44DD12A7FCEA300D8ADA6 /* API */,
			);
			path = EssentialFeed;
			sourceTree = "<group>";
		};
		C4F44DBC2A7E5E7900D8ADA6 /* EssentialFeedTests */ = {
			isa = PBXGroup;
			children = (
				C4F44DBD2A7E5E7900D8ADA6 /* EssentialFeedTests.swift */,
				C4F44DD62A825DE300D8ADA6 /* Feed API */,
			);
			path = EssentialFeedTests;
			sourceTree = "<group>";
		};
		C4F44DCC2A7E5FB800D8ADA6 /* FeedFeature */ = {
			isa = PBXGroup;
			children = (
				C4F44DC82A7E5E9200D8ADA6 /* FeedItem.swift */,
				C4F44DCA2A7E5F2000D8ADA6 /* FeedLoader.swift */,
			);
			path = FeedFeature;
			sourceTree = "<group>";
		};
		C4F44DD12A7FCEA300D8ADA6 /* API */ = {
			isa = PBXGroup;
			children = (
				C4F44DCF2A7FCE9F00D8ADA6 /* RemoteFeedLoader.swift */,
				C4F44DD22A824E1200D8ADA6 /* HTTPClient.swift */,
				C4F44DD42A824E5500D8ADA6 /* FeedItemsMapper.swift */,
			);
			path = API;
			sourceTree = "<group>";
		};
		C4F44DD62A825DE300D8ADA6 /* Feed API */ = {
			isa = PBXGroup;
			children = (
				C4F44DCD2A7F7B1900D8ADA6 /* RemoteFeedLoaderTest.swift */,
			);
			path = "Feed API";
			sourceTree = "<group>";
		};
/* End PBXGroup section */

/* Begin PBXHeadersBuildPhase section */
		C4F44DA92A7E5E7900D8ADA6 /* Headers */ = {
			isa = PBXHeadersBuildPhase;
			buildActionMask = 2147483647;
			files = (
				C4F44DBF2A7E5E7900D8ADA6 /* EssentialFeed.h in Headers */,
			);
			runOnlyForDeploymentPostprocessing = 0;
		};
/* End PBXHeadersBuildPhase section */

/* Begin PBXNativeTarget section */
		C4F44DAD2A7E5E7900D8ADA6 /* EssentialFeed */ = {
			isa = PBXNativeTarget;
			buildConfigurationList = C4F44DC22A7E5E7900D8ADA6 /* Build configuration list for PBXNativeTarget "EssentialFeed" */;
			buildPhases = (
				C4F44DA92A7E5E7900D8ADA6 /* Headers */,
				C4F44DAA2A7E5E7900D8ADA6 /* Sources */,
				C4F44DAB2A7E5E7900D8ADA6 /* Frameworks */,
				C4F44DAC2A7E5E7900D8ADA6 /* Resources */,
			);
			buildRules = (
			);
			dependencies = (
			);
			name = EssentialFeed;
			productName = EssentialFeed;
			productReference = C4F44DAE2A7E5E7900D8ADA6 /* EssentialFeed.framework */;
			productType = "com.apple.product-type.framework";
		};
		C4F44DB72A7E5E7900D8ADA6 /* EssentialFeedTests */ = {
			isa = PBXNativeTarget;
			buildConfigurationList = C4F44DC52A7E5E7900D8ADA6 /* Build configuration list for PBXNativeTarget "EssentialFeedTests" */;
			buildPhases = (
				C4F44DB42A7E5E7900D8ADA6 /* Sources */,
				C4F44DB52A7E5E7900D8ADA6 /* Frameworks */,
				C4F44DB62A7E5E7900D8ADA6 /* Resources */,
			);
			buildRules = (
			);
			dependencies = (
				C4F44DBB2A7E5E7900D8ADA6 /* PBXTargetDependency */,
			);
			name = EssentialFeedTests;
			productName = EssentialFeedTests;
			productReference = C4F44DB82A7E5E7900D8ADA6 /* EssentialFeedTests.xctest */;
			productType = "com.apple.product-type.bundle.unit-test";
		};
/* End PBXNativeTarget section */

/* Begin PBXProject section */
		C4F44DA52A7E5E7900D8ADA6 /* Project object */ = {
			isa = PBXProject;
			attributes = {
				BuildIndependentTargetsInParallel = 1;
				LastSwiftUpdateCheck = 1420;
				LastUpgradeCheck = 1420;
				TargetAttributes = {
					C4F44DAD2A7E5E7900D8ADA6 = {
						CreatedOnToolsVersion = 14.2;
					};
					C4F44DB72A7E5E7900D8ADA6 = {
						CreatedOnToolsVersion = 14.2;
					};
				};
			};
			buildConfigurationList = C4F44DA82A7E5E7900D8ADA6 /* Build configuration list for PBXProject "EssentialFeed" */;
			compatibilityVersion = "Xcode 14.0";
			developmentRegion = en;
			hasScannedForEncodings = 0;
			knownRegions = (
				en,
				Base,
			);
			mainGroup = C4F44DA42A7E5E7900D8ADA6;
			productRefGroup = C4F44DAF2A7E5E7900D8ADA6 /* Products */;
			projectDirPath = "";
			projectRoot = "";
			targets = (
				C4F44DAD2A7E5E7900D8ADA6 /* EssentialFeed */,
				C4F44DB72A7E5E7900D8ADA6 /* EssentialFeedTests */,
			);
		};
/* End PBXProject section */

/* Begin PBXResourcesBuildPhase section */
		C4F44DAC2A7E5E7900D8ADA6 /* Resources */ = {
			isa = PBXResourcesBuildPhase;
			buildActionMask = 2147483647;
			files = (
			);
			runOnlyForDeploymentPostprocessing = 0;
		};
		C4F44DB62A7E5E7900D8ADA6 /* Resources */ = {
			isa = PBXResourcesBuildPhase;
			buildActionMask = 2147483647;
			files = (
			);
			runOnlyForDeploymentPostprocessing = 0;
		};
/* End PBXResourcesBuildPhase section */

/* Begin PBXSourcesBuildPhase section */
		C4F44DAA2A7E5E7900D8ADA6 /* Sources */ = {
			isa = PBXSourcesBuildPhase;
			buildActionMask = 2147483647;
			files = (
				C4F44DD02A7FCE9F00D8ADA6 /* RemoteFeedLoader.swift in Sources */,
				C4F44DD32A824E1200D8ADA6 /* HTTPClient.swift in Sources */,
				C4F44DCB2A7E5F2000D8ADA6 /* FeedLoader.swift in Sources */,
				C4F44DD52A824E5500D8ADA6 /* FeedItemsMapper.swift in Sources */,
				C4F44DC92A7E5E9200D8ADA6 /* FeedItem.swift in Sources */,
				C4F44DB32A7E5E7900D8ADA6 /* EssentialFeed.docc in Sources */,
			);
			runOnlyForDeploymentPostprocessing = 0;
		};
		C4F44DB42A7E5E7900D8ADA6 /* Sources */ = {
			isa = PBXSourcesBuildPhase;
			buildActionMask = 2147483647;
			files = (
				C4F44DCE2A7F7B1900D8ADA6 /* RemoteFeedLoaderTest.swift in Sources */,
				C4F44DBE2A7E5E7900D8ADA6 /* EssentialFeedTests.swift in Sources */,
			);
			runOnlyForDeploymentPostprocessing = 0;
		};
/* End PBXSourcesBuildPhase section */

/* Begin PBXTargetDependency section */
		C4F44DBB2A7E5E7900D8ADA6 /* PBXTargetDependency */ = {
			isa = PBXTargetDependency;
			target = C4F44DAD2A7E5E7900D8ADA6 /* EssentialFeed */;
			targetProxy = C4F44DBA2A7E5E7900D8ADA6 /* PBXContainerItemProxy */;
		};
/* End PBXTargetDependency section */

/* Begin XCBuildConfiguration section */
		C4F44DC02A7E5E7900D8ADA6 /* Debug */ = {
			isa = XCBuildConfiguration;
			buildSettings = {
				ALWAYS_SEARCH_USER_PATHS = NO;
				CLANG_ANALYZER_NONNULL = YES;
				CLANG_ANALYZER_NUMBER_OBJECT_CONVERSION = YES_AGGRESSIVE;
				CLANG_CXX_LANGUAGE_STANDARD = "gnu++20";
				CLANG_ENABLE_MODULES = YES;
				CLANG_ENABLE_OBJC_ARC = YES;
				CLANG_ENABLE_OBJC_WEAK = YES;
				CLANG_WARN_BLOCK_CAPTURE_AUTORELEASING = YES;
				CLANG_WARN_BOOL_CONVERSION = YES;
				CLANG_WARN_COMMA = YES;
				CLANG_WARN_CONSTANT_CONVERSION = YES;
				CLANG_WARN_DEPRECATED_OBJC_IMPLEMENTATIONS = YES;
				CLANG_WARN_DIRECT_OBJC_ISA_USAGE = YES_ERROR;
				CLANG_WARN_DOCUMENTATION_COMMENTS = YES;
				CLANG_WARN_EMPTY_BODY = YES;
				CLANG_WARN_ENUM_CONVERSION = YES;
				CLANG_WARN_INFINITE_RECURSION = YES;
				CLANG_WARN_INT_CONVERSION = YES;
				CLANG_WARN_NON_LITERAL_NULL_CONVERSION = YES;
				CLANG_WARN_OBJC_IMPLICIT_RETAIN_SELF = YES;
				CLANG_WARN_OBJC_LITERAL_CONVERSION = YES;
				CLANG_WARN_OBJC_ROOT_CLASS = YES_ERROR;
				CLANG_WARN_QUOTED_INCLUDE_IN_FRAMEWORK_HEADER = YES;
				CLANG_WARN_RANGE_LOOP_ANALYSIS = YES;
				CLANG_WARN_STRICT_PROTOTYPES = YES;
				CLANG_WARN_SUSPICIOUS_MOVE = YES;
				CLANG_WARN_UNGUARDED_AVAILABILITY = YES_AGGRESSIVE;
				CLANG_WARN_UNREACHABLE_CODE = YES;
				CLANG_WARN__DUPLICATE_METHOD_MATCH = YES;
				COPY_PHASE_STRIP = NO;
				CURRENT_PROJECT_VERSION = 1;
				DEBUG_INFORMATION_FORMAT = dwarf;
				ENABLE_STRICT_OBJC_MSGSEND = YES;
				ENABLE_TESTABILITY = YES;
				GCC_C_LANGUAGE_STANDARD = gnu11;
				GCC_DYNAMIC_NO_PIC = NO;
				GCC_NO_COMMON_BLOCKS = YES;
				GCC_OPTIMIZATION_LEVEL = 0;
				GCC_PREPROCESSOR_DEFINITIONS = (
					"DEBUG=1",
					"$(inherited)",
				);
				GCC_WARN_64_TO_32_BIT_CONVERSION = YES;
				GCC_WARN_ABOUT_RETURN_TYPE = YES_ERROR;
				GCC_WARN_UNDECLARED_SELECTOR = YES;
				GCC_WARN_UNINITIALIZED_AUTOS = YES_AGGRESSIVE;
				GCC_WARN_UNUSED_FUNCTION = YES;
				GCC_WARN_UNUSED_VARIABLE = YES;
				MACOSX_DEPLOYMENT_TARGET = 13.0;
				MTL_ENABLE_DEBUG_INFO = INCLUDE_SOURCE;
				MTL_FAST_MATH = YES;
				ONLY_ACTIVE_ARCH = YES;
				SDKROOT = macosx;
				SWIFT_ACTIVE_COMPILATION_CONDITIONS = DEBUG;
				SWIFT_OPTIMIZATION_LEVEL = "-Onone";
				VERSIONING_SYSTEM = "apple-generic";
				VERSION_INFO_PREFIX = "";
			};
			name = Debug;
		};
		C4F44DC12A7E5E7900D8ADA6 /* Release */ = {
			isa = XCBuildConfiguration;
			buildSettings = {
				ALWAYS_SEARCH_USER_PATHS = NO;
				CLANG_ANALYZER_NONNULL = YES;
				CLANG_ANALYZER_NUMBER_OBJECT_CONVERSION = YES_AGGRESSIVE;
				CLANG_CXX_LANGUAGE_STANDARD = "gnu++20";
				CLANG_ENABLE_MODULES = YES;
				CLANG_ENABLE_OBJC_ARC = YES;
				CLANG_ENABLE_OBJC_WEAK = YES;
				CLANG_WARN_BLOCK_CAPTURE_AUTORELEASING = YES;
				CLANG_WARN_BOOL_CONVERSION = YES;
				CLANG_WARN_COMMA = YES;
				CLANG_WARN_CONSTANT_CONVERSION = YES;
				CLANG_WARN_DEPRECATED_OBJC_IMPLEMENTATIONS = YES;
				CLANG_WARN_DIRECT_OBJC_ISA_USAGE = YES_ERROR;
				CLANG_WARN_DOCUMENTATION_COMMENTS = YES;
				CLANG_WARN_EMPTY_BODY = YES;
				CLANG_WARN_ENUM_CONVERSION = YES;
				CLANG_WARN_INFINITE_RECURSION = YES;
				CLANG_WARN_INT_CONVERSION = YES;
				CLANG_WARN_NON_LITERAL_NULL_CONVERSION = YES;
				CLANG_WARN_OBJC_IMPLICIT_RETAIN_SELF = YES;
				CLANG_WARN_OBJC_LITERAL_CONVERSION = YES;
				CLANG_WARN_OBJC_ROOT_CLASS = YES_ERROR;
				CLANG_WARN_QUOTED_INCLUDE_IN_FRAMEWORK_HEADER = YES;
				CLANG_WARN_RANGE_LOOP_ANALYSIS = YES;
				CLANG_WARN_STRICT_PROTOTYPES = YES;
				CLANG_WARN_SUSPICIOUS_MOVE = YES;
				CLANG_WARN_UNGUARDED_AVAILABILITY = YES_AGGRESSIVE;
				CLANG_WARN_UNREACHABLE_CODE = YES;
				CLANG_WARN__DUPLICATE_METHOD_MATCH = YES;
				COPY_PHASE_STRIP = NO;
				CURRENT_PROJECT_VERSION = 1;
				DEBUG_INFORMATION_FORMAT = "dwarf-with-dsym";
				ENABLE_NS_ASSERTIONS = NO;
				ENABLE_STRICT_OBJC_MSGSEND = YES;
				GCC_C_LANGUAGE_STANDARD = gnu11;
				GCC_NO_COMMON_BLOCKS = YES;
				GCC_WARN_64_TO_32_BIT_CONVERSION = YES;
				GCC_WARN_ABOUT_RETURN_TYPE = YES_ERROR;
				GCC_WARN_UNDECLARED_SELECTOR = YES;
				GCC_WARN_UNINITIALIZED_AUTOS = YES_AGGRESSIVE;
				GCC_WARN_UNUSED_FUNCTION = YES;
				GCC_WARN_UNUSED_VARIABLE = YES;
				MACOSX_DEPLOYMENT_TARGET = 13.0;
				MTL_ENABLE_DEBUG_INFO = NO;
				MTL_FAST_MATH = YES;
				SDKROOT = macosx;
				SWIFT_COMPILATION_MODE = wholemodule;
				SWIFT_OPTIMIZATION_LEVEL = "-O";
				VERSIONING_SYSTEM = "apple-generic";
				VERSION_INFO_PREFIX = "";
			};
			name = Release;
		};
		C4F44DC32A7E5E7900D8ADA6 /* Debug */ = {
			isa = XCBuildConfiguration;
			buildSettings = {
				CODE_SIGN_STYLE = Automatic;
				COMBINE_HIDPI_IMAGES = YES;
				CURRENT_PROJECT_VERSION = 1;
				DEFINES_MODULE = YES;
				DEVELOPMENT_TEAM = 4CX3G85ALP;
				DYLIB_COMPATIBILITY_VERSION = 1;
				DYLIB_CURRENT_VERSION = 1;
				DYLIB_INSTALL_NAME_BASE = "@rpath";
				GENERATE_INFOPLIST_FILE = YES;
				INFOPLIST_KEY_NSHumanReadableCopyright = "";
				INSTALL_PATH = "$(LOCAL_LIBRARY_DIR)/Frameworks";
				LD_RUNPATH_SEARCH_PATHS = (
					"$(inherited)",
					"@executable_path/../Frameworks",
					"@loader_path/Frameworks",
				);
				MARKETING_VERSION = 1.0;
				PRODUCT_BUNDLE_IDENTIFIER = eyupMert.EssentialFeed;
				PRODUCT_NAME = "$(TARGET_NAME:c99extidentifier)";
				SKIP_INSTALL = YES;
				SWIFT_EMIT_LOC_STRINGS = YES;
				SWIFT_VERSION = 5.0;
			};
			name = Debug;
		};
		C4F44DC42A7E5E7900D8ADA6 /* Release */ = {
			isa = XCBuildConfiguration;
			buildSettings = {
				CODE_SIGN_STYLE = Automatic;
				COMBINE_HIDPI_IMAGES = YES;
				CURRENT_PROJECT_VERSION = 1;
				DEFINES_MODULE = YES;
				DEVELOPMENT_TEAM = 4CX3G85ALP;
				DYLIB_COMPATIBILITY_VERSION = 1;
				DYLIB_CURRENT_VERSION = 1;
				DYLIB_INSTALL_NAME_BASE = "@rpath";
				GENERATE_INFOPLIST_FILE = YES;
				INFOPLIST_KEY_NSHumanReadableCopyright = "";
				INSTALL_PATH = "$(LOCAL_LIBRARY_DIR)/Frameworks";
				LD_RUNPATH_SEARCH_PATHS = (
					"$(inherited)",
					"@executable_path/../Frameworks",
					"@loader_path/Frameworks",
				);
				MARKETING_VERSION = 1.0;
				PRODUCT_BUNDLE_IDENTIFIER = eyupMert.EssentialFeed;
				PRODUCT_NAME = "$(TARGET_NAME:c99extidentifier)";
				SKIP_INSTALL = YES;
				SWIFT_EMIT_LOC_STRINGS = YES;
				SWIFT_VERSION = 5.0;
			};
			name = Release;
		};
		C4F44DC62A7E5E7900D8ADA6 /* Debug */ = {
			isa = XCBuildConfiguration;
			buildSettings = {
				ALWAYS_EMBED_SWIFT_STANDARD_LIBRARIES = YES;
				CODE_SIGN_STYLE = Automatic;
				CURRENT_PROJECT_VERSION = 1;
				DEVELOPMENT_TEAM = 4CX3G85ALP;
				GENERATE_INFOPLIST_FILE = YES;
				MARKETING_VERSION = 1.0;
				PRODUCT_BUNDLE_IDENTIFIER = eyupMert.EssentialFeedTests;
				PRODUCT_NAME = "$(TARGET_NAME)";
				SWIFT_EMIT_LOC_STRINGS = NO;
				SWIFT_VERSION = 5.0;
			};
			name = Debug;
		};
		C4F44DC72A7E5E7900D8ADA6 /* Release */ = {
			isa = XCBuildConfiguration;
			buildSettings = {
				ALWAYS_EMBED_SWIFT_STANDARD_LIBRARIES = YES;
				CODE_SIGN_STYLE = Automatic;
				CURRENT_PROJECT_VERSION = 1;
				DEVELOPMENT_TEAM = 4CX3G85ALP;
				GENERATE_INFOPLIST_FILE = YES;
				MARKETING_VERSION = 1.0;
				PRODUCT_BUNDLE_IDENTIFIER = eyupMert.EssentialFeedTests;
				PRODUCT_NAME = "$(TARGET_NAME)";
				SWIFT_EMIT_LOC_STRINGS = NO;
				SWIFT_VERSION = 5.0;
			};
			name = Release;
		};
/* End XCBuildConfiguration section */

/* Begin XCConfigurationList section */
		C4F44DA82A7E5E7900D8ADA6 /* Build configuration list for PBXProject "EssentialFeed" */ = {
			isa = XCConfigurationList;
			buildConfigurations = (
				C4F44DC02A7E5E7900D8ADA6 /* Debug */,
				C4F44DC12A7E5E7900D8ADA6 /* Release */,
			);
			defaultConfigurationIsVisible = 0;
			defaultConfigurationName = Release;
		};
		C4F44DC22A7E5E7900D8ADA6 /* Build configuration list for PBXNativeTarget "EssentialFeed" */ = {
			isa = XCConfigurationList;
			buildConfigurations = (
				C4F44DC32A7E5E7900D8ADA6 /* Debug */,
				C4F44DC42A7E5E7900D8ADA6 /* Release */,
			);
			defaultConfigurationIsVisible = 0;
			defaultConfigurationName = Release;
		};
		C4F44DC52A7E5E7900D8ADA6 /* Build configuration list for PBXNativeTarget "EssentialFeedTests" */ = {
			isa = XCConfigurationList;
			buildConfigurations = (
				C4F44DC62A7E5E7900D8ADA6 /* Debug */,
				C4F44DC72A7E5E7900D8ADA6 /* Release */,
			);
			defaultConfigurationIsVisible = 0;
			defaultConfigurationName = Release;
		};
/* End XCConfigurationList section */
	};
	rootObject = C4F44DA52A7E5E7900D8ADA6 /* Project object */;
}
