// !$*UTF8*$!
{
	archiveVersion = 1;
	classes = {
	};
	objectVersion = 56;
	objects = {

/* Begin PBXBuildFile section */
		C43BEB002B17584F00CEE173 /* EssentialFeed.framework in Frameworks */ = {isa = PBXBuildFile; fileRef = C43BEAFF2B17584F00CEE173 /* EssentialFeed.framework */; };
		C43BEB012B17584F00CEE173 /* EssentialFeed.framework in Embed Frameworks */ = {isa = PBXBuildFile; fileRef = C43BEAFF2B17584F00CEE173 /* EssentialFeed.framework */; settings = {ATTRIBUTES = (CodeSignOnCopy, RemoveHeadersOnCopy, ); }; };
		C43BEB042B17585E00CEE173 /* EssentialFeediOS.framework in Frameworks */ = {isa = PBXBuildFile; fileRef = C43BEB032B17585E00CEE173 /* EssentialFeediOS.framework */; };
		C43BEB052B17585E00CEE173 /* EssentialFeediOS.framework in Embed Frameworks */ = {isa = PBXBuildFile; fileRef = C43BEB032B17585E00CEE173 /* EssentialFeediOS.framework */; settings = {ATTRIBUTES = (CodeSignOnCopy, RemoveHeadersOnCopy, ); }; };
		C43BEB072B1759E800CEE173 /* FeedLoaderStub.swift in Sources */ = {isa = PBXBuildFile; fileRef = C43BEB062B1759E800CEE173 /* FeedLoaderStub.swift */; };
		C43BEB092B175DAB00CEE173 /* XCTestCase+FeedLoader.swift in Sources */ = {isa = PBXBuildFile; fileRef = C43BEB082B175DAB00CEE173 /* XCTestCase+FeedLoader.swift */; };
		C458583B2B2087D50085BE9E /* UIView+TestHelpers.swift in Sources */ = {isa = PBXBuildFile; fileRef = C458583A2B2087D50085BE9E /* UIView+TestHelpers.swift */; };
		C45B6EE82B1F508600973F46 /* FeedViewControllerTests+LoaderSpy.swift in Sources */ = {isa = PBXBuildFile; fileRef = C45B6EE22B1F508600973F46 /* FeedViewControllerTests+LoaderSpy.swift */; };
		C45B6EE92B1F508600973F46 /* FeedViewControllerTests+Assertions.swift in Sources */ = {isa = PBXBuildFile; fileRef = C45B6EE52B1F508600973F46 /* FeedViewControllerTests+Assertions.swift */; };
		C45B6EEA2B1F508600973F46 /* FeedImageCell+TestHelpers.swift in Sources */ = {isa = PBXBuildFile; fileRef = C45B6EE32B1F508600973F46 /* FeedImageCell+TestHelpers.swift */; };
		C45B6EEB2B1F508600973F46 /* FeedViewController+TestHelpers.swift in Sources */ = {isa = PBXBuildFile; fileRef = C45B6EE02B1F508600973F46 /* FeedViewController+TestHelpers.swift */; };
		C45B6EEC2B1F508600973F46 /* UIControl+TestHelpers.swift in Sources */ = {isa = PBXBuildFile; fileRef = C45B6EE42B1F508600973F46 /* UIControl+TestHelpers.swift */; };
		C45B6EED2B1F508600973F46 /* FeedViewControllerTests+Localization.swift in Sources */ = {isa = PBXBuildFile; fileRef = C45B6EE72B1F508600973F46 /* FeedViewControllerTests+Localization.swift */; };
		C45B6EEE2B1F508600973F46 /* UIButton+TestHelpers.swift in Sources */ = {isa = PBXBuildFile; fileRef = C45B6EE12B1F508600973F46 /* UIButton+TestHelpers.swift */; };
		C45B6EEF2B1F508600973F46 /* UIRefreshControl+TestHelpers.swift in Sources */ = {isa = PBXBuildFile; fileRef = C45B6EE62B1F508600973F46 /* UIRefreshControl+TestHelpers.swift */; };
		C45B6EF12B1F512500973F46 /* FeedUIIntegrationTests.swift in Sources */ = {isa = PBXBuildFile; fileRef = C45B6EF02B1F512500973F46 /* FeedUIIntegrationTests.swift */; };
		C45B6EF32B1F517A00973F46 /* UIIMage+TestHelpers.swift in Sources */ = {isa = PBXBuildFile; fileRef = C45B6EF22B1F517A00973F46 /* UIIMage+TestHelpers.swift */; };
		C49E498E2B9E14AD0043CBD8 /* FeedUIComposer.swift in Sources */ = {isa = PBXBuildFile; fileRef = C49E498D2B9E14AD0043CBD8 /* FeedUIComposer.swift */; };
		C49E49902B9E14E60043CBD8 /* FeedLoaderPresentationAdapter.swift in Sources */ = {isa = PBXBuildFile; fileRef = C49E498F2B9E14E60043CBD8 /* FeedLoaderPresentationAdapter.swift */; };
		C49E49922B9E153F0043CBD8 /* FeedViewAdapter.swift in Sources */ = {isa = PBXBuildFile; fileRef = C49E49912B9E153F0043CBD8 /* FeedViewAdapter.swift */; };
		C49E49942B9E156C0043CBD8 /* FeedImageDataLoaderPresentationAdapter.swift in Sources */ = {isa = PBXBuildFile; fileRef = C49E49932B9E156C0043CBD8 /* FeedImageDataLoaderPresentationAdapter.swift */; };
		C49E49982B9E15A80043CBD8 /* WeakRefVirtualProxy.swift in Sources */ = {isa = PBXBuildFile; fileRef = C49E49972B9E15A80043CBD8 /* WeakRefVirtualProxy.swift */; };
		C49E499A2B9E268E0043CBD8 /* CombineHelpers.swift in Sources */ = {isa = PBXBuildFile; fileRef = C49E49992B9E268E0043CBD8 /* CombineHelpers.swift */; };
		C4F1E2132B21AD9C00B0919D /* SceneDelegateTests.swift in Sources */ = {isa = PBXBuildFile; fileRef = C4F1E2122B21AD9C00B0919D /* SceneDelegateTests.swift */; };
		C4FB0DA62B15CA8C009F5DC4 /* XCTestCase+MemoryLeakTracking.swift in Sources */ = {isa = PBXBuildFile; fileRef = C4FB0DA52B15CA8C009F5DC4 /* XCTestCase+MemoryLeakTracking.swift */; };
		C4FB0DA82B15CAE4009F5DC4 /* SharedTestHelpers.swift in Sources */ = {isa = PBXBuildFile; fileRef = C4FB0DA72B15CAE4009F5DC4 /* SharedTestHelpers.swift */; };
		C4FD48ED2B15AFA000740AB0 /* AppDelegate.swift in Sources */ = {isa = PBXBuildFile; fileRef = C4FD48EC2B15AFA000740AB0 /* AppDelegate.swift */; };
		C4FD48EF2B15AFA000740AB0 /* SceneDelegate.swift in Sources */ = {isa = PBXBuildFile; fileRef = C4FD48EE2B15AFA000740AB0 /* SceneDelegate.swift */; };
		C4FD48F12B15AFA000740AB0 /* ViewController.swift in Sources */ = {isa = PBXBuildFile; fileRef = C4FD48F02B15AFA000740AB0 /* ViewController.swift */; };
		C4FD48F62B15AFA100740AB0 /* Assets.xcassets in Resources */ = {isa = PBXBuildFile; fileRef = C4FD48F52B15AFA100740AB0 /* Assets.xcassets */; };
		C4FD48F92B15AFA100740AB0 /* LaunchScreen.storyboard in Resources */ = {isa = PBXBuildFile; fileRef = C4FD48F72B15AFA100740AB0 /* LaunchScreen.storyboard */; };
/* End PBXBuildFile section */

/* Begin PBXContainerItemProxy section */
		C4FD49002B15AFA100740AB0 /* PBXContainerItemProxy */ = {
			isa = PBXContainerItemProxy;
			containerPortal = C4FD48E12B15AFA000740AB0 /* Project object */;
			proxyType = 1;
			remoteGlobalIDString = C4FD48E82B15AFA000740AB0;
			remoteInfo = EssentialApp;
		};
/* End PBXContainerItemProxy section */

/* Begin PBXCopyFilesBuildPhase section */
		C43BEB022B17584F00CEE173 /* Embed Frameworks */ = {
			isa = PBXCopyFilesBuildPhase;
			buildActionMask = 2147483647;
			dstPath = "";
			dstSubfolderSpec = 10;
			files = (
				C43BEB012B17584F00CEE173 /* EssentialFeed.framework in Embed Frameworks */,
				C43BEB052B17585E00CEE173 /* EssentialFeediOS.framework in Embed Frameworks */,
			);
			name = "Embed Frameworks";
			runOnlyForDeploymentPostprocessing = 0;
		};
/* End PBXCopyFilesBuildPhase section */

/* Begin PBXFileReference section */
		C43BEAFF2B17584F00CEE173 /* EssentialFeed.framework */ = {isa = PBXFileReference; explicitFileType = wrapper.framework; path = EssentialFeed.framework; sourceTree = BUILT_PRODUCTS_DIR; };
		C43BEB032B17585E00CEE173 /* EssentialFeediOS.framework */ = {isa = PBXFileReference; explicitFileType = wrapper.framework; path = EssentialFeediOS.framework; sourceTree = BUILT_PRODUCTS_DIR; };
		C43BEB062B1759E800CEE173 /* FeedLoaderStub.swift */ = {isa = PBXFileReference; lastKnownFileType = sourcecode.swift; path = FeedLoaderStub.swift; sourceTree = "<group>"; };
		C43BEB082B175DAB00CEE173 /* XCTestCase+FeedLoader.swift */ = {isa = PBXFileReference; lastKnownFileType = sourcecode.swift; path = "XCTestCase+FeedLoader.swift"; sourceTree = "<group>"; };
		C458583A2B2087D50085BE9E /* UIView+TestHelpers.swift */ = {isa = PBXFileReference; lastKnownFileType = sourcecode.swift; path = "UIView+TestHelpers.swift"; sourceTree = "<group>"; };
		C45B6EE02B1F508600973F46 /* FeedViewController+TestHelpers.swift */ = {isa = PBXFileReference; lastKnownFileType = sourcecode.swift; path = "FeedViewController+TestHelpers.swift"; sourceTree = "<group>"; };
		C45B6EE12B1F508600973F46 /* UIButton+TestHelpers.swift */ = {isa = PBXFileReference; lastKnownFileType = sourcecode.swift; path = "UIButton+TestHelpers.swift"; sourceTree = "<group>"; };
		C45B6EE22B1F508600973F46 /* FeedViewControllerTests+LoaderSpy.swift */ = {isa = PBXFileReference; lastKnownFileType = sourcecode.swift; path = "FeedViewControllerTests+LoaderSpy.swift"; sourceTree = "<group>"; };
		C45B6EE32B1F508600973F46 /* FeedImageCell+TestHelpers.swift */ = {isa = PBXFileReference; lastKnownFileType = sourcecode.swift; path = "FeedImageCell+TestHelpers.swift"; sourceTree = "<group>"; };
		C45B6EE42B1F508600973F46 /* UIControl+TestHelpers.swift */ = {isa = PBXFileReference; lastKnownFileType = sourcecode.swift; path = "UIControl+TestHelpers.swift"; sourceTree = "<group>"; };
		C45B6EE52B1F508600973F46 /* FeedViewControllerTests+Assertions.swift */ = {isa = PBXFileReference; lastKnownFileType = sourcecode.swift; path = "FeedViewControllerTests+Assertions.swift"; sourceTree = "<group>"; };
		C45B6EE62B1F508600973F46 /* UIRefreshControl+TestHelpers.swift */ = {isa = PBXFileReference; lastKnownFileType = sourcecode.swift; path = "UIRefreshControl+TestHelpers.swift"; sourceTree = "<group>"; };
		C45B6EE72B1F508600973F46 /* FeedViewControllerTests+Localization.swift */ = {isa = PBXFileReference; lastKnownFileType = sourcecode.swift; path = "FeedViewControllerTests+Localization.swift"; sourceTree = "<group>"; };
		C45B6EF02B1F512500973F46 /* FeedUIIntegrationTests.swift */ = {isa = PBXFileReference; lastKnownFileType = sourcecode.swift; path = FeedUIIntegrationTests.swift; sourceTree = "<group>"; };
		C45B6EF22B1F517A00973F46 /* UIIMage+TestHelpers.swift */ = {isa = PBXFileReference; lastKnownFileType = sourcecode.swift; path = "UIIMage+TestHelpers.swift"; sourceTree = "<group>"; };
		C49E498D2B9E14AD0043CBD8 /* FeedUIComposer.swift */ = {isa = PBXFileReference; lastKnownFileType = sourcecode.swift; path = FeedUIComposer.swift; sourceTree = "<group>"; };
		C49E498F2B9E14E60043CBD8 /* FeedLoaderPresentationAdapter.swift */ = {isa = PBXFileReference; lastKnownFileType = sourcecode.swift; path = FeedLoaderPresentationAdapter.swift; sourceTree = "<group>"; };
		C49E49912B9E153F0043CBD8 /* FeedViewAdapter.swift */ = {isa = PBXFileReference; lastKnownFileType = sourcecode.swift; path = FeedViewAdapter.swift; sourceTree = "<group>"; };
		C49E49932B9E156C0043CBD8 /* FeedImageDataLoaderPresentationAdapter.swift */ = {isa = PBXFileReference; lastKnownFileType = sourcecode.swift; path = FeedImageDataLoaderPresentationAdapter.swift; sourceTree = "<group>"; };
		C49E49972B9E15A80043CBD8 /* WeakRefVirtualProxy.swift */ = {isa = PBXFileReference; lastKnownFileType = sourcecode.swift; path = WeakRefVirtualProxy.swift; sourceTree = "<group>"; };
		C49E49992B9E268E0043CBD8 /* CombineHelpers.swift */ = {isa = PBXFileReference; lastKnownFileType = sourcecode.swift; path = CombineHelpers.swift; sourceTree = "<group>"; };
		C4F1E2122B21AD9C00B0919D /* SceneDelegateTests.swift */ = {isa = PBXFileReference; lastKnownFileType = sourcecode.swift; path = SceneDelegateTests.swift; sourceTree = "<group>"; };
		C4FB0DA52B15CA8C009F5DC4 /* XCTestCase+MemoryLeakTracking.swift */ = {isa = PBXFileReference; lastKnownFileType = sourcecode.swift; path = "XCTestCase+MemoryLeakTracking.swift"; sourceTree = "<group>"; };
		C4FB0DA72B15CAE4009F5DC4 /* SharedTestHelpers.swift */ = {isa = PBXFileReference; lastKnownFileType = sourcecode.swift; path = SharedTestHelpers.swift; sourceTree = "<group>"; };
		C4FD48E92B15AFA000740AB0 /* EssentialApp.app */ = {isa = PBXFileReference; explicitFileType = wrapper.application; includeInIndex = 0; path = EssentialApp.app; sourceTree = BUILT_PRODUCTS_DIR; };
		C4FD48EC2B15AFA000740AB0 /* AppDelegate.swift */ = {isa = PBXFileReference; lastKnownFileType = sourcecode.swift; path = AppDelegate.swift; sourceTree = "<group>"; };
		C4FD48EE2B15AFA000740AB0 /* SceneDelegate.swift */ = {isa = PBXFileReference; lastKnownFileType = sourcecode.swift; path = SceneDelegate.swift; sourceTree = "<group>"; };
		C4FD48F02B15AFA000740AB0 /* ViewController.swift */ = {isa = PBXFileReference; lastKnownFileType = sourcecode.swift; path = ViewController.swift; sourceTree = "<group>"; };
		C4FD48F52B15AFA100740AB0 /* Assets.xcassets */ = {isa = PBXFileReference; lastKnownFileType = folder.assetcatalog; path = Assets.xcassets; sourceTree = "<group>"; };
		C4FD48F82B15AFA100740AB0 /* Base */ = {isa = PBXFileReference; lastKnownFileType = file.storyboard; name = Base; path = Base.lproj/LaunchScreen.storyboard; sourceTree = "<group>"; };
		C4FD48FA2B15AFA100740AB0 /* Info.plist */ = {isa = PBXFileReference; lastKnownFileType = text.plist.xml; path = Info.plist; sourceTree = "<group>"; };
		C4FD48FF2B15AFA100740AB0 /* EssentialAppTests.xctest */ = {isa = PBXFileReference; explicitFileType = wrapper.cfbundle; includeInIndex = 0; path = EssentialAppTests.xctest; sourceTree = BUILT_PRODUCTS_DIR; };
/* End PBXFileReference section */

/* Begin PBXFrameworksBuildPhase section */
		C4FD48E62B15AFA000740AB0 /* Frameworks */ = {
			isa = PBXFrameworksBuildPhase;
			buildActionMask = 2147483647;
			files = (
				C43BEB002B17584F00CEE173 /* EssentialFeed.framework in Frameworks */,
				C43BEB042B17585E00CEE173 /* EssentialFeediOS.framework in Frameworks */,
			);
			runOnlyForDeploymentPostprocessing = 0;
		};
		C4FD48FC2B15AFA100740AB0 /* Frameworks */ = {
			isa = PBXFrameworksBuildPhase;
			buildActionMask = 2147483647;
			files = (
			);
			runOnlyForDeploymentPostprocessing = 0;
		};
/* End PBXFrameworksBuildPhase section */

/* Begin PBXGroup section */
		C43BEAFE2B17584F00CEE173 /* Frameworks */ = {
			isa = PBXGroup;
			children = (
				C43BEB032B17585E00CEE173 /* EssentialFeediOS.framework */,
				C43BEAFF2B17584F00CEE173 /* EssentialFeed.framework */,
			);
			name = Frameworks;
			sourceTree = "<group>";
		};
		C4FB0DA42B15CA7A009F5DC4 /* Helpers */ = {
			isa = PBXGroup;
			children = (
				C4FB0DA52B15CA8C009F5DC4 /* XCTestCase+MemoryLeakTracking.swift */,
				C4FB0DA72B15CAE4009F5DC4 /* SharedTestHelpers.swift */,
				C45B6EE12B1F508600973F46 /* UIButton+TestHelpers.swift */,
				C45B6EE42B1F508600973F46 /* UIControl+TestHelpers.swift */,
				C45B6EE62B1F508600973F46 /* UIRefreshControl+TestHelpers.swift */,
				C45B6EE02B1F508600973F46 /* FeedViewController+TestHelpers.swift */,
				C45B6EE32B1F508600973F46 /* FeedImageCell+TestHelpers.swift */,
				C45B6EE22B1F508600973F46 /* FeedViewControllerTests+LoaderSpy.swift */,
				C45B6EE52B1F508600973F46 /* FeedViewControllerTests+Assertions.swift */,
				C45B6EE72B1F508600973F46 /* FeedViewControllerTests+Localization.swift */,
				C43BEB062B1759E800CEE173 /* FeedLoaderStub.swift */,
				C43BEB082B175DAB00CEE173 /* XCTestCase+FeedLoader.swift */,
				C45B6EF22B1F517A00973F46 /* UIIMage+TestHelpers.swift */,
				C458583A2B2087D50085BE9E /* UIView+TestHelpers.swift */,
			);
			path = Helpers;
			sourceTree = "<group>";
		};
		C4FD48E02B15AFA000740AB0 = {
			isa = PBXGroup;
			children = (
				C4FD48EB2B15AFA000740AB0 /* EssentialApp */,
				C4FD49022B15AFA100740AB0 /* EssentialAppTests */,
				C4FD48EA2B15AFA000740AB0 /* Products */,
				C43BEAFE2B17584F00CEE173 /* Frameworks */,
			);
			sourceTree = "<group>";
		};
		C4FD48EA2B15AFA000740AB0 /* Products */ = {
			isa = PBXGroup;
			children = (
				C4FD48E92B15AFA000740AB0 /* EssentialApp.app */,
				C4FD48FF2B15AFA100740AB0 /* EssentialAppTests.xctest */,
			);
			name = Products;
			sourceTree = "<group>";
		};
		C4FD48EB2B15AFA000740AB0 /* EssentialApp */ = {
			isa = PBXGroup;
			children = (
				C4FD48EC2B15AFA000740AB0 /* AppDelegate.swift */,
				C4FD48EE2B15AFA000740AB0 /* SceneDelegate.swift */,
				C4FD48F02B15AFA000740AB0 /* ViewController.swift */,
				C49E498D2B9E14AD0043CBD8 /* FeedUIComposer.swift */,
				C49E49912B9E153F0043CBD8 /* FeedViewAdapter.swift */,
				C49E498F2B9E14E60043CBD8 /* FeedLoaderPresentationAdapter.swift */,
				C49E49932B9E156C0043CBD8 /* FeedImageDataLoaderPresentationAdapter.swift */,
				C49E49972B9E15A80043CBD8 /* WeakRefVirtualProxy.swift */,
				C4FD48F52B15AFA100740AB0 /* Assets.xcassets */,
				C4FD48F72B15AFA100740AB0 /* LaunchScreen.storyboard */,
				C4FD48FA2B15AFA100740AB0 /* Info.plist */,
				C49E49992B9E268E0043CBD8 /* CombineHelpers.swift */,
			);
			path = EssentialApp;
			sourceTree = "<group>";
		};
		C4FD49022B15AFA100740AB0 /* EssentialAppTests */ = {
			isa = PBXGroup;
			children = (
				C4FB0DA42B15CA7A009F5DC4 /* Helpers */,
				C45B6EF02B1F512500973F46 /* FeedUIIntegrationTests.swift */,
				C4F1E2122B21AD9C00B0919D /* SceneDelegateTests.swift */,
			);
			path = EssentialAppTests;
			sourceTree = "<group>";
		};
/* End PBXGroup section */

/* Begin PBXNativeTarget section */
		C4FD48E82B15AFA000740AB0 /* EssentialApp */ = {
			isa = PBXNativeTarget;
			buildConfigurationList = C4FD49132B15AFA100740AB0 /* Build configuration list for PBXNativeTarget "EssentialApp" */;
			buildPhases = (
				C4FD48E52B15AFA000740AB0 /* Sources */,
				C4FD48E62B15AFA000740AB0 /* Frameworks */,
				C4FD48E72B15AFA000740AB0 /* Resources */,
				C43BEB022B17584F00CEE173 /* Embed Frameworks */,
			);
			buildRules = (
			);
			dependencies = (
			);
			name = EssentialApp;
			productName = EssentialApp;
			productReference = C4FD48E92B15AFA000740AB0 /* EssentialApp.app */;
			productType = "com.apple.product-type.application";
		};
		C4FD48FE2B15AFA100740AB0 /* EssentialAppTests */ = {
			isa = PBXNativeTarget;
			buildConfigurationList = C4FD49162B15AFA100740AB0 /* Build configuration list for PBXNativeTarget "EssentialAppTests" */;
			buildPhases = (
				C4FD48FB2B15AFA100740AB0 /* Sources */,
				C4FD48FC2B15AFA100740AB0 /* Frameworks */,
				C4FD48FD2B15AFA100740AB0 /* Resources */,
			);
			buildRules = (
			);
			dependencies = (
				C4FD49012B15AFA100740AB0 /* PBXTargetDependency */,
			);
			name = EssentialAppTests;
			productName = EssentialAppTests;
			productReference = C4FD48FF2B15AFA100740AB0 /* EssentialAppTests.xctest */;
			productType = "com.apple.product-type.bundle.unit-test";
		};
/* End PBXNativeTarget section */

/* Begin PBXProject section */
		C4FD48E12B15AFA000740AB0 /* Project object */ = {
			isa = PBXProject;
			attributes = {
				BuildIndependentTargetsInParallel = 1;
				LastSwiftUpdateCheck = 1500;
				LastUpgradeCheck = 1500;
				TargetAttributes = {
					C4FD48E82B15AFA000740AB0 = {
						CreatedOnToolsVersion = 15.0;
					};
					C4FD48FE2B15AFA100740AB0 = {
						CreatedOnToolsVersion = 15.0;
						TestTargetID = C4FD48E82B15AFA000740AB0;
					};
				};
			};
			buildConfigurationList = C4FD48E42B15AFA000740AB0 /* Build configuration list for PBXProject "EssentialApp" */;
			compatibilityVersion = "Xcode 14.0";
			developmentRegion = en;
			hasScannedForEncodings = 0;
			knownRegions = (
				en,
				Base,
			);
			mainGroup = C4FD48E02B15AFA000740AB0;
			productRefGroup = C4FD48EA2B15AFA000740AB0 /* Products */;
			projectDirPath = "";
			projectRoot = "";
			targets = (
				C4FD48E82B15AFA000740AB0 /* EssentialApp */,
				C4FD48FE2B15AFA100740AB0 /* EssentialAppTests */,
			);
		};
/* End PBXProject section */

/* Begin PBXResourcesBuildPhase section */
		C4FD48E72B15AFA000740AB0 /* Resources */ = {
			isa = PBXResourcesBuildPhase;
			buildActionMask = 2147483647;
			files = (
				C4FD48F92B15AFA100740AB0 /* LaunchScreen.storyboard in Resources */,
				C4FD48F62B15AFA100740AB0 /* Assets.xcassets in Resources */,
			);
			runOnlyForDeploymentPostprocessing = 0;
		};
		C4FD48FD2B15AFA100740AB0 /* Resources */ = {
			isa = PBXResourcesBuildPhase;
			buildActionMask = 2147483647;
			files = (
			);
			runOnlyForDeploymentPostprocessing = 0;
		};
/* End PBXResourcesBuildPhase section */

/* Begin PBXSourcesBuildPhase section */
		C4FD48E52B15AFA000740AB0 /* Sources */ = {
			isa = PBXSourcesBuildPhase;
			buildActionMask = 2147483647;
			files = (
				C49E49922B9E153F0043CBD8 /* FeedViewAdapter.swift in Sources */,
				C4FD48F12B15AFA000740AB0 /* ViewController.swift in Sources */,
				C49E499A2B9E268E0043CBD8 /* CombineHelpers.swift in Sources */,
				C49E49982B9E15A80043CBD8 /* WeakRefVirtualProxy.swift in Sources */,
				C49E498E2B9E14AD0043CBD8 /* FeedUIComposer.swift in Sources */,
				C4FD48ED2B15AFA000740AB0 /* AppDelegate.swift in Sources */,
				C49E49942B9E156C0043CBD8 /* FeedImageDataLoaderPresentationAdapter.swift in Sources */,
				C49E49902B9E14E60043CBD8 /* FeedLoaderPresentationAdapter.swift in Sources */,
				C4FD48EF2B15AFA000740AB0 /* SceneDelegate.swift in Sources */,
			);
			runOnlyForDeploymentPostprocessing = 0;
		};
		C4FD48FB2B15AFA100740AB0 /* Sources */ = {
			isa = PBXSourcesBuildPhase;
			buildActionMask = 2147483647;
			files = (
				C4FB0DA82B15CAE4009F5DC4 /* SharedTestHelpers.swift in Sources */,
				C458583B2B2087D50085BE9E /* UIView+TestHelpers.swift in Sources */,
				C43BEB092B175DAB00CEE173 /* XCTestCase+FeedLoader.swift in Sources */,
				C45B6EEC2B1F508600973F46 /* UIControl+TestHelpers.swift in Sources */,
				C45B6EE92B1F508600973F46 /* FeedViewControllerTests+Assertions.swift in Sources */,
				C45B6EEB2B1F508600973F46 /* FeedViewController+TestHelpers.swift in Sources */,
				C45B6EF32B1F517A00973F46 /* UIIMage+TestHelpers.swift in Sources */,
				C45B6EEA2B1F508600973F46 /* FeedImageCell+TestHelpers.swift in Sources */,
				C43BEB072B1759E800CEE173 /* FeedLoaderStub.swift in Sources */,
				C4F1E2132B21AD9C00B0919D /* SceneDelegateTests.swift in Sources */,
				C45B6EEF2B1F508600973F46 /* UIRefreshControl+TestHelpers.swift in Sources */,
				C4FB0DA62B15CA8C009F5DC4 /* XCTestCase+MemoryLeakTracking.swift in Sources */,
				C45B6EE82B1F508600973F46 /* FeedViewControllerTests+LoaderSpy.swift in Sources */,
				C45B6EEE2B1F508600973F46 /* UIButton+TestHelpers.swift in Sources */,
				C45B6EF12B1F512500973F46 /* FeedUIIntegrationTests.swift in Sources */,
				C45B6EED2B1F508600973F46 /* FeedViewControllerTests+Localization.swift in Sources */,
			);
			runOnlyForDeploymentPostprocessing = 0;
		};
/* End PBXSourcesBuildPhase section */

/* Begin PBXTargetDependency section */
		C4FD49012B15AFA100740AB0 /* PBXTargetDependency */ = {
			isa = PBXTargetDependency;
			target = C4FD48E82B15AFA000740AB0 /* EssentialApp */;
			targetProxy = C4FD49002B15AFA100740AB0 /* PBXContainerItemProxy */;
		};
/* End PBXTargetDependency section */

/* Begin PBXVariantGroup section */
		C4FD48F72B15AFA100740AB0 /* LaunchScreen.storyboard */ = {
			isa = PBXVariantGroup;
			children = (
				C4FD48F82B15AFA100740AB0 /* Base */,
			);
			name = LaunchScreen.storyboard;
			sourceTree = "<group>";
		};
/* End PBXVariantGroup section */

/* Begin XCBuildConfiguration section */
		C4FD49112B15AFA100740AB0 /* Debug */ = {
			isa = XCBuildConfiguration;
			buildSettings = {
				ALWAYS_SEARCH_USER_PATHS = NO;
				ASSETCATALOG_COMPILER_GENERATE_SWIFT_ASSET_SYMBOL_EXTENSIONS = YES;
				CLANG_ANALYZER_NONNULL = YES;
				CLANG_ANALYZER_NUMBER_OBJECT_CONVERSION = YES_AGGRESSIVE;
				CLANG_CXX_LANGUAGE_STANDARD = "gnu++20";
				CLANG_ENABLE_MODULES = YES;
				CLANG_ENABLE_OBJC_ARC = YES;
				CLANG_ENABLE_OBJC_WEAK = YES;
				CLANG_WARN_BLOCK_CAPTURE_AUTORELEASING = YES;
				CLANG_WARN_BOOL_CONVERSION = YES;
				CLANG_WARN_COMMA = YES;
				CLANG_WARN_CONSTANT_CONVERSION = YES;
				CLANG_WARN_DEPRECATED_OBJC_IMPLEMENTATIONS = YES;
				CLANG_WARN_DIRECT_OBJC_ISA_USAGE = YES_ERROR;
				CLANG_WARN_DOCUMENTATION_COMMENTS = YES;
				CLANG_WARN_EMPTY_BODY = YES;
				CLANG_WARN_ENUM_CONVERSION = YES;
				CLANG_WARN_INFINITE_RECURSION = YES;
				CLANG_WARN_INT_CONVERSION = YES;
				CLANG_WARN_NON_LITERAL_NULL_CONVERSION = YES;
				CLANG_WARN_OBJC_IMPLICIT_RETAIN_SELF = YES;
				CLANG_WARN_OBJC_LITERAL_CONVERSION = YES;
				CLANG_WARN_OBJC_ROOT_CLASS = YES_ERROR;
				CLANG_WARN_QUOTED_INCLUDE_IN_FRAMEWORK_HEADER = YES;
				CLANG_WARN_RANGE_LOOP_ANALYSIS = YES;
				CLANG_WARN_STRICT_PROTOTYPES = YES;
				CLANG_WARN_SUSPICIOUS_MOVE = YES;
				CLANG_WARN_UNGUARDED_AVAILABILITY = YES_AGGRESSIVE;
				CLANG_WARN_UNREACHABLE_CODE = YES;
				CLANG_WARN__DUPLICATE_METHOD_MATCH = YES;
				COPY_PHASE_STRIP = NO;
				DEBUG_INFORMATION_FORMAT = dwarf;
				ENABLE_STRICT_OBJC_MSGSEND = YES;
				ENABLE_TESTABILITY = YES;
				ENABLE_USER_SCRIPT_SANDBOXING = YES;
				GCC_C_LANGUAGE_STANDARD = gnu17;
				GCC_DYNAMIC_NO_PIC = NO;
				GCC_NO_COMMON_BLOCKS = YES;
				GCC_OPTIMIZATION_LEVEL = 0;
				GCC_PREPROCESSOR_DEFINITIONS = (
					"DEBUG=1",
					"$(inherited)",
				);
				GCC_WARN_64_TO_32_BIT_CONVERSION = YES;
				GCC_WARN_ABOUT_RETURN_TYPE = YES_ERROR;
				GCC_WARN_UNDECLARED_SELECTOR = YES;
				GCC_WARN_UNINITIALIZED_AUTOS = YES_AGGRESSIVE;
				GCC_WARN_UNUSED_FUNCTION = YES;
				GCC_WARN_UNUSED_VARIABLE = YES;
				IPHONEOS_DEPLOYMENT_TARGET = 17.0;
				LOCALIZATION_PREFERS_STRING_CATALOGS = YES;
				MTL_ENABLE_DEBUG_INFO = INCLUDE_SOURCE;
				MTL_FAST_MATH = YES;
				ONLY_ACTIVE_ARCH = YES;
				SDKROOT = iphoneos;
				SWIFT_ACTIVE_COMPILATION_CONDITIONS = "DEBUG $(inherited)";
				SWIFT_OPTIMIZATION_LEVEL = "-Onone";
			};
			name = Debug;
		};
		C4FD49122B15AFA100740AB0 /* Release */ = {
			isa = XCBuildConfiguration;
			buildSettings = {
				ALWAYS_SEARCH_USER_PATHS = NO;
				ASSETCATALOG_COMPILER_GENERATE_SWIFT_ASSET_SYMBOL_EXTENSIONS = YES;
				CLANG_ANALYZER_NONNULL = YES;
				CLANG_ANALYZER_NUMBER_OBJECT_CONVERSION = YES_AGGRESSIVE;
				CLANG_CXX_LANGUAGE_STANDARD = "gnu++20";
				CLANG_ENABLE_MODULES = YES;
				CLANG_ENABLE_OBJC_ARC = YES;
				CLANG_ENABLE_OBJC_WEAK = YES;
				CLANG_WARN_BLOCK_CAPTURE_AUTORELEASING = YES;
				CLANG_WARN_BOOL_CONVERSION = YES;
				CLANG_WARN_COMMA = YES;
				CLANG_WARN_CONSTANT_CONVERSION = YES;
				CLANG_WARN_DEPRECATED_OBJC_IMPLEMENTATIONS = YES;
				CLANG_WARN_DIRECT_OBJC_ISA_USAGE = YES_ERROR;
				CLANG_WARN_DOCUMENTATION_COMMENTS = YES;
				CLANG_WARN_EMPTY_BODY = YES;
				CLANG_WARN_ENUM_CONVERSION = YES;
				CLANG_WARN_INFINITE_RECURSION = YES;
				CLANG_WARN_INT_CONVERSION = YES;
				CLANG_WARN_NON_LITERAL_NULL_CONVERSION = YES;
				CLANG_WARN_OBJC_IMPLICIT_RETAIN_SELF = YES;
				CLANG_WARN_OBJC_LITERAL_CONVERSION = YES;
				CLANG_WARN_OBJC_ROOT_CLASS = YES_ERROR;
				CLANG_WARN_QUOTED_INCLUDE_IN_FRAMEWORK_HEADER = YES;
				CLANG_WARN_RANGE_LOOP_ANALYSIS = YES;
				CLANG_WARN_STRICT_PROTOTYPES = YES;
				CLANG_WARN_SUSPICIOUS_MOVE = YES;
				CLANG_WARN_UNGUARDED_AVAILABILITY = YES_AGGRESSIVE;
				CLANG_WARN_UNREACHABLE_CODE = YES;
				CLANG_WARN__DUPLICATE_METHOD_MATCH = YES;
				COPY_PHASE_STRIP = NO;
				DEBUG_INFORMATION_FORMAT = "dwarf-with-dsym";
				ENABLE_NS_ASSERTIONS = NO;
				ENABLE_STRICT_OBJC_MSGSEND = YES;
				ENABLE_USER_SCRIPT_SANDBOXING = YES;
				GCC_C_LANGUAGE_STANDARD = gnu17;
				GCC_NO_COMMON_BLOCKS = YES;
				GCC_WARN_64_TO_32_BIT_CONVERSION = YES;
				GCC_WARN_ABOUT_RETURN_TYPE = YES_ERROR;
				GCC_WARN_UNDECLARED_SELECTOR = YES;
				GCC_WARN_UNINITIALIZED_AUTOS = YES_AGGRESSIVE;
				GCC_WARN_UNUSED_FUNCTION = YES;
				GCC_WARN_UNUSED_VARIABLE = YES;
				IPHONEOS_DEPLOYMENT_TARGET = 17.0;
				LOCALIZATION_PREFERS_STRING_CATALOGS = YES;
				MTL_ENABLE_DEBUG_INFO = NO;
				MTL_FAST_MATH = YES;
				SDKROOT = iphoneos;
				SWIFT_COMPILATION_MODE = wholemodule;
				VALIDATE_PRODUCT = YES;
			};
			name = Release;
		};
		C4FD49142B15AFA100740AB0 /* Debug */ = {
			isa = XCBuildConfiguration;
			buildSettings = {
				ASSETCATALOG_COMPILER_APPICON_NAME = AppIcon;
				ASSETCATALOG_COMPILER_GLOBAL_ACCENT_COLOR_NAME = AccentColor;
				CODE_SIGN_STYLE = Automatic;
				CREATE_INFOPLIST_SECTION_IN_BINARY = NO;
				CURRENT_PROJECT_VERSION = 1;
				DEVELOPMENT_TEAM = 4CX3G85ALP;
				GENERATE_INFOPLIST_FILE = NO;
				INFOPLIST_FILE = EssentialApp/Info.plist;
				INFOPLIST_KEY_CFBundleDisplayName = "Essential Feed Application ";
				INFOPLIST_KEY_LSApplicationCategoryType = "public.app-category.business";
				INFOPLIST_KEY_UIApplicationSupportsIndirectInputEvents = YES;
				INFOPLIST_KEY_UILaunchStoryboardName = LaunchScreen;
				INFOPLIST_KEY_UISupportedInterfaceOrientations = UIInterfaceOrientationPortrait;
				INFOPLIST_KEY_UISupportedInterfaceOrientations_iPad = "UIInterfaceOrientationLandscapeLeft UIInterfaceOrientationLandscapeRight UIInterfaceOrientationPortrait UIInterfaceOrientationPortraitUpsideDown";
				LD_RUNPATH_SEARCH_PATHS = (
					"$(inherited)",
					"@executable_path/Frameworks",
				);
				MARKETING_VERSION = 1.0;
				PRODUCT_BUNDLE_IDENTIFIER = eyupMert.EssentialApp;
				PRODUCT_NAME = "$(TARGET_NAME)";
				SUPPORTED_PLATFORMS = "iphoneos iphonesimulator";
				SUPPORTS_MACCATALYST = NO;
				SUPPORTS_MAC_DESIGNED_FOR_IPHONE_IPAD = NO;
				SWIFT_EMIT_LOC_STRINGS = YES;
				SWIFT_VERSION = 5.0;
				TARGETED_DEVICE_FAMILY = 1;
			};
			name = Debug;
		};
		C4FD49152B15AFA100740AB0 /* Release */ = {
			isa = XCBuildConfiguration;
			buildSettings = {
				ASSETCATALOG_COMPILER_APPICON_NAME = AppIcon;
				ASSETCATALOG_COMPILER_GLOBAL_ACCENT_COLOR_NAME = AccentColor;
				CODE_SIGN_IDENTITY = "Apple Distribution";
				CODE_SIGN_STYLE = Manual;
				CREATE_INFOPLIST_SECTION_IN_BINARY = NO;
				CURRENT_PROJECT_VERSION = 1;
				DEVELOPMENT_TEAM = 4CX3G85ALP;
				GENERATE_INFOPLIST_FILE = NO;
				INFOPLIST_FILE = EssentialApp/Info.plist;
				INFOPLIST_KEY_CFBundleDisplayName = "Essential Feed Application ";
				INFOPLIST_KEY_LSApplicationCategoryType = "public.app-category.business";
				INFOPLIST_KEY_UIApplicationSupportsIndirectInputEvents = YES;
				INFOPLIST_KEY_UILaunchStoryboardName = LaunchScreen;
				INFOPLIST_KEY_UISupportedInterfaceOrientations = UIInterfaceOrientationPortrait;
				INFOPLIST_KEY_UISupportedInterfaceOrientations_iPad = "UIInterfaceOrientationLandscapeLeft UIInterfaceOrientationLandscapeRight UIInterfaceOrientationPortrait UIInterfaceOrientationPortraitUpsideDown";
				LD_RUNPATH_SEARCH_PATHS = (
					"$(inherited)",
					"@executable_path/Frameworks",
				);
				MARKETING_VERSION = 1.0;
				PRODUCT_BUNDLE_IDENTIFIER = eyupMert.EssentialApp;
				PRODUCT_NAME = "$(TARGET_NAME)";
				PROVISIONING_PROFILE_SPECIFIER = profile;
				SUPPORTED_PLATFORMS = "iphoneos iphonesimulator";
				SUPPORTS_MACCATALYST = NO;
				SUPPORTS_MAC_DESIGNED_FOR_IPHONE_IPAD = NO;
				SWIFT_EMIT_LOC_STRINGS = YES;
				SWIFT_VERSION = 5.0;
				TARGETED_DEVICE_FAMILY = 1;
			};
			name = Release;
		};
		C4FD49172B15AFA100740AB0 /* Debug */ = {
			isa = XCBuildConfiguration;
			buildSettings = {
				ALWAYS_EMBED_SWIFT_STANDARD_LIBRARIES = YES;
				BUNDLE_LOADER = "$(TEST_HOST)";
				CODE_SIGN_STYLE = Automatic;
				CURRENT_PROJECT_VERSION = 1;
				DEVELOPMENT_TEAM = 4CX3G85ALP;
				GENERATE_INFOPLIST_FILE = YES;
				IPHONEOS_DEPLOYMENT_TARGET = 17.0;
				MARKETING_VERSION = 1.0;
				PRODUCT_BUNDLE_IDENTIFIER = eyupMert.EssentialAppTests;
				PRODUCT_NAME = "$(TARGET_NAME)";
				SWIFT_EMIT_LOC_STRINGS = NO;
				SWIFT_VERSION = 5.0;
				TARGETED_DEVICE_FAMILY = "1,2";
				TEST_HOST = "$(BUILT_PRODUCTS_DIR)/EssentialApp.app/$(BUNDLE_EXECUTABLE_FOLDER_PATH)/EssentialApp";
			};
			name = Debug;
		};
		C4FD49182B15AFA100740AB0 /* Release */ = {
			isa = XCBuildConfiguration;
			buildSettings = {
				ALWAYS_EMBED_SWIFT_STANDARD_LIBRARIES = YES;
				BUNDLE_LOADER = "$(TEST_HOST)";
				CODE_SIGN_STYLE = Automatic;
				CURRENT_PROJECT_VERSION = 1;
				DEVELOPMENT_TEAM = 4CX3G85ALP;
				GENERATE_INFOPLIST_FILE = YES;
				IPHONEOS_DEPLOYMENT_TARGET = 17.0;
				MARKETING_VERSION = 1.0;
				PRODUCT_BUNDLE_IDENTIFIER = eyupMert.EssentialAppTests;
				PRODUCT_NAME = "$(TARGET_NAME)";
				SWIFT_EMIT_LOC_STRINGS = NO;
				SWIFT_VERSION = 5.0;
				TARGETED_DEVICE_FAMILY = "1,2";
				TEST_HOST = "$(BUILT_PRODUCTS_DIR)/EssentialApp.app/$(BUNDLE_EXECUTABLE_FOLDER_PATH)/EssentialApp";
			};
			name = Release;
		};
/* End XCBuildConfiguration section */

/* Begin XCConfigurationList section */
		C4FD48E42B15AFA000740AB0 /* Build configuration list for PBXProject "EssentialApp" */ = {
			isa = XCConfigurationList;
			buildConfigurations = (
				C4FD49112B15AFA100740AB0 /* Debug */,
				C4FD49122B15AFA100740AB0 /* Release */,
			);
			defaultConfigurationIsVisible = 0;
			defaultConfigurationName = Release;
		};
		C4FD49132B15AFA100740AB0 /* Build configuration list for PBXNativeTarget "EssentialApp" */ = {
			isa = XCConfigurationList;
			buildConfigurations = (
				C4FD49142B15AFA100740AB0 /* Debug */,
				C4FD49152B15AFA100740AB0 /* Release */,
			);
			defaultConfigurationIsVisible = 0;
			defaultConfigurationName = Release;
		};
		C4FD49162B15AFA100740AB0 /* Build configuration list for PBXNativeTarget "EssentialAppTests" */ = {
			isa = XCConfigurationList;
			buildConfigurations = (
				C4FD49172B15AFA100740AB0 /* Debug */,
				C4FD49182B15AFA100740AB0 /* Release */,
			);
			defaultConfigurationIsVisible = 0;
			defaultConfigurationName = Release;
		};
/* End XCConfigurationList section */
	};
	rootObject = C4FD48E12B15AFA000740AB0 /* Project object */;
}
