// !$*UTF8*$!
{
	archiveVersion = 1;
	classes = {
	};
	objectVersion = 56;
	objects = {

/* Begin PBXBuildFile section */
		C425F95A2B12117F00FF4EC4 /* EssentialFeed.framework in Frameworks */ = {isa = PBXBuildFile; fileRef = C425F9582B12117F00FF4EC4 /* EssentialFeed.framework */; };
		C425F95B2B12117F00FF4EC4 /* EssentialFeed.framework in Embed Frameworks */ = {isa = PBXBuildFile; fileRef = C425F9582B12117F00FF4EC4 /* EssentialFeed.framework */; settings = {ATTRIBUTES = (CodeSignOnCopy, RemoveHeadersOnCopy, ); }; };
		C425F95C2B12117F00FF4EC4 /* EssentialFeediOS.framework in Frameworks */ = {isa = PBXBuildFile; fileRef = C425F9592B12117F00FF4EC4 /* EssentialFeediOS.framework */; };
		C425F95D2B12117F00FF4EC4 /* EssentialFeediOS.framework in Embed Frameworks */ = {isa = PBXBuildFile; fileRef = C425F9592B12117F00FF4EC4 /* EssentialFeediOS.framework */; settings = {ATTRIBUTES = (CodeSignOnCopy, RemoveHeadersOnCopy, ); }; };
		C4B2DCE12B1276D70040A075 /* FeedLoaderWithFallbackComposite.swift in Sources */ = {isa = PBXBuildFile; fileRef = C4B2DCE02B1276D70040A075 /* FeedLoaderWithFallbackComposite.swift */; };
		C4ED3DA42B1210DC00F3DBB3 /* AppDelegate.swift in Sources */ = {isa = PBXBuildFile; fileRef = C4ED3DA32B1210DC00F3DBB3 /* AppDelegate.swift */; };
		C4ED3DA62B1210DC00F3DBB3 /* SceneDelegate.swift in Sources */ = {isa = PBXBuildFile; fileRef = C4ED3DA52B1210DC00F3DBB3 /* SceneDelegate.swift */; };
		C4ED3DA82B1210DC00F3DBB3 /* ViewController.swift in Sources */ = {isa = PBXBuildFile; fileRef = C4ED3DA72B1210DC00F3DBB3 /* ViewController.swift */; };
		C4ED3DAB2B1210DC00F3DBB3 /* Main.storyboard in Resources */ = {isa = PBXBuildFile; fileRef = C4ED3DA92B1210DC00F3DBB3 /* Main.storyboard */; };
		C4ED3DAE2B1210DC00F3DBB3 /* EssentialApp.xcdatamodeld in Sources */ = {isa = PBXBuildFile; fileRef = C4ED3DAC2B1210DC00F3DBB3 /* EssentialApp.xcdatamodeld */; };
		C4ED3DB02B1210DD00F3DBB3 /* Assets.xcassets in Resources */ = {isa = PBXBuildFile; fileRef = C4ED3DAF2B1210DD00F3DBB3 /* Assets.xcassets */; };
		C4ED3DB32B1210DD00F3DBB3 /* LaunchScreen.storyboard in Resources */ = {isa = PBXBuildFile; fileRef = C4ED3DB12B1210DD00F3DBB3 /* LaunchScreen.storyboard */; };
/* End PBXBuildFile section */

/* Begin PBXContainerItemProxy section */
		C4ED3DBA2B1210DD00F3DBB3 /* PBXContainerItemProxy */ = {
			isa = PBXContainerItemProxy;
			containerPortal = C4ED3D982B1210DC00F3DBB3 /* Project object */;
			proxyType = 1;
			remoteGlobalIDString = C4ED3D9F2B1210DC00F3DBB3;
			remoteInfo = EssentialApp;
		};
/* End PBXContainerItemProxy section */

/* Begin PBXCopyFilesBuildPhase section */
		C425F95E2B12117F00FF4EC4 /* Embed Frameworks */ = {
			isa = PBXCopyFilesBuildPhase;
			buildActionMask = 2147483647;
			dstPath = "";
			dstSubfolderSpec = 10;
			files = (
				C425F95B2B12117F00FF4EC4 /* EssentialFeed.framework in Embed Frameworks */,
				C425F95D2B12117F00FF4EC4 /* EssentialFeediOS.framework in Embed Frameworks */,
			);
			name = "Embed Frameworks";
			runOnlyForDeploymentPostprocessing = 0;
		};
/* End PBXCopyFilesBuildPhase section */

/* Begin PBXFileReference section */
		C425F9582B12117F00FF4EC4 /* EssentialFeed.framework */ = {isa = PBXFileReference; explicitFileType = wrapper.framework; path = EssentialFeed.framework; sourceTree = BUILT_PRODUCTS_DIR; };
		C425F9592B12117F00FF4EC4 /* EssentialFeediOS.framework */ = {isa = PBXFileReference; explicitFileType = wrapper.framework; path = EssentialFeediOS.framework; sourceTree = BUILT_PRODUCTS_DIR; };
		C4B2DCE02B1276D70040A075 /* FeedLoaderWithFallbackComposite.swift */ = {isa = PBXFileReference; lastKnownFileType = sourcecode.swift; path = FeedLoaderWithFallbackComposite.swift; sourceTree = "<group>"; };
		C4ED3DA02B1210DC00F3DBB3 /* EssentialApp.app */ = {isa = PBXFileReference; explicitFileType = wrapper.application; includeInIndex = 0; path = EssentialApp.app; sourceTree = BUILT_PRODUCTS_DIR; };
		C4ED3DA32B1210DC00F3DBB3 /* AppDelegate.swift */ = {isa = PBXFileReference; lastKnownFileType = sourcecode.swift; path = AppDelegate.swift; sourceTree = "<group>"; };
		C4ED3DA52B1210DC00F3DBB3 /* SceneDelegate.swift */ = {isa = PBXFileReference; lastKnownFileType = sourcecode.swift; path = SceneDelegate.swift; sourceTree = "<group>"; };
		C4ED3DA72B1210DC00F3DBB3 /* ViewController.swift */ = {isa = PBXFileReference; lastKnownFileType = sourcecode.swift; path = ViewController.swift; sourceTree = "<group>"; };
		C4ED3DAA2B1210DC00F3DBB3 /* Base */ = {isa = PBXFileReference; lastKnownFileType = file.storyboard; name = Base; path = Base.lproj/Main.storyboard; sourceTree = "<group>"; };
		C4ED3DAD2B1210DC00F3DBB3 /* EssentialApp.xcdatamodel */ = {isa = PBXFileReference; lastKnownFileType = wrapper.xcdatamodel; path = EssentialApp.xcdatamodel; sourceTree = "<group>"; };
		C4ED3DAF2B1210DD00F3DBB3 /* Assets.xcassets */ = {isa = PBXFileReference; lastKnownFileType = folder.assetcatalog; path = Assets.xcassets; sourceTree = "<group>"; };
		C4ED3DB22B1210DD00F3DBB3 /* Base */ = {isa = PBXFileReference; lastKnownFileType = file.storyboard; name = Base; path = Base.lproj/LaunchScreen.storyboard; sourceTree = "<group>"; };
		C4ED3DB42B1210DD00F3DBB3 /* Info.plist */ = {isa = PBXFileReference; lastKnownFileType = text.plist.xml; path = Info.plist; sourceTree = "<group>"; };
		C4ED3DB92B1210DD00F3DBB3 /* EssentialAppTests.xctest */ = {isa = PBXFileReference; explicitFileType = wrapper.cfbundle; includeInIndex = 0; path = EssentialAppTests.xctest; sourceTree = BUILT_PRODUCTS_DIR; };
/* End PBXFileReference section */

/* Begin PBXFrameworksBuildPhase section */
		C4ED3D9D2B1210DC00F3DBB3 /* Frameworks */ = {
			isa = PBXFrameworksBuildPhase;
			buildActionMask = 2147483647;
			files = (
				C425F95A2B12117F00FF4EC4 /* EssentialFeed.framework in Frameworks */,
				C425F95C2B12117F00FF4EC4 /* EssentialFeediOS.framework in Frameworks */,
			);
			runOnlyForDeploymentPostprocessing = 0;
		};
		C4ED3DB62B1210DD00F3DBB3 /* Frameworks */ = {
			isa = PBXFrameworksBuildPhase;
			buildActionMask = 2147483647;
			files = (
			);
			runOnlyForDeploymentPostprocessing = 0;
		};
/* End PBXFrameworksBuildPhase section */

/* Begin PBXGroup section */
		C425F9572B12117F00FF4EC4 /* Frameworks */ = {
			isa = PBXGroup;
			children = (
				C425F9582B12117F00FF4EC4 /* EssentialFeed.framework */,
				C425F9592B12117F00FF4EC4 /* EssentialFeediOS.framework */,
			);
			name = Frameworks;
			sourceTree = "<group>";
		};
		C4ED3D972B1210DC00F3DBB3 = {
			isa = PBXGroup;
			children = (
				C4ED3DA22B1210DC00F3DBB3 /* EssentialApp */,
				C4ED3DBC2B1210DD00F3DBB3 /* EssentialAppTests */,
				C4ED3DA12B1210DC00F3DBB3 /* Products */,
				C425F9572B12117F00FF4EC4 /* Frameworks */,
			);
			sourceTree = "<group>";
		};
		C4ED3DA12B1210DC00F3DBB3 /* Products */ = {
			isa = PBXGroup;
			children = (
				C4ED3DA02B1210DC00F3DBB3 /* EssentialApp.app */,
				C4ED3DB92B1210DD00F3DBB3 /* EssentialAppTests.xctest */,
			);
			name = Products;
			sourceTree = "<group>";
		};
		C4ED3DA22B1210DC00F3DBB3 /* EssentialApp */ = {
			isa = PBXGroup;
			children = (
				C4ED3DA32B1210DC00F3DBB3 /* AppDelegate.swift */,
				C4ED3DA52B1210DC00F3DBB3 /* SceneDelegate.swift */,
				C4ED3DA72B1210DC00F3DBB3 /* ViewController.swift */,
				C4ED3DA92B1210DC00F3DBB3 /* Main.storyboard */,
				C4ED3DAF2B1210DD00F3DBB3 /* Assets.xcassets */,
				C4ED3DB12B1210DD00F3DBB3 /* LaunchScreen.storyboard */,
				C4ED3DB42B1210DD00F3DBB3 /* Info.plist */,
				C4ED3DAC2B1210DC00F3DBB3 /* EssentialApp.xcdatamodeld */,
			);
			path = EssentialApp;
			sourceTree = "<group>";
		};
		C4ED3DBC2B1210DD00F3DBB3 /* EssentialAppTests */ = {
			isa = PBXGroup;
			children = (
				C4B2DCE02B1276D70040A075 /* FeedLoaderWithFallbackComposite.swift */,
			);
			path = EssentialAppTests;
			sourceTree = "<group>";
		};
/* End PBXGroup section */

/* Begin PBXNativeTarget section */
		C4ED3D9F2B1210DC00F3DBB3 /* EssentialApp */ = {
			isa = PBXNativeTarget;
			buildConfigurationList = C4ED3DCD2B1210DD00F3DBB3 /* Build configuration list for PBXNativeTarget "EssentialApp" */;
			buildPhases = (
				C4ED3D9C2B1210DC00F3DBB3 /* Sources */,
				C4ED3D9D2B1210DC00F3DBB3 /* Frameworks */,
				C4ED3D9E2B1210DC00F3DBB3 /* Resources */,
				C425F95E2B12117F00FF4EC4 /* Embed Frameworks */,
			);
			buildRules = (
			);
			dependencies = (
			);
			name = EssentialApp;
			productName = EssentialApp;
			productReference = C4ED3DA02B1210DC00F3DBB3 /* EssentialApp.app */;
			productType = "com.apple.product-type.application";
		};
		C4ED3DB82B1210DD00F3DBB3 /* EssentialAppTests */ = {
			isa = PBXNativeTarget;
			buildConfigurationList = C4ED3DD02B1210DD00F3DBB3 /* Build configuration list for PBXNativeTarget "EssentialAppTests" */;
			buildPhases = (
				C4ED3DB52B1210DD00F3DBB3 /* Sources */,
				C4ED3DB62B1210DD00F3DBB3 /* Frameworks */,
				C4ED3DB72B1210DD00F3DBB3 /* Resources */,
			);
			buildRules = (
			);
			dependencies = (
				C4ED3DBB2B1210DD00F3DBB3 /* PBXTargetDependency */,
			);
			name = EssentialAppTests;
			productName = EssentialAppTests;
			productReference = C4ED3DB92B1210DD00F3DBB3 /* EssentialAppTests.xctest */;
			productType = "com.apple.product-type.bundle.unit-test";
		};
/* End PBXNativeTarget section */

/* Begin PBXProject section */
		C4ED3D982B1210DC00F3DBB3 /* Project object */ = {
			isa = PBXProject;
			attributes = {
				BuildIndependentTargetsInParallel = 1;
				LastSwiftUpdateCheck = 1500;
				LastUpgradeCheck = 1500;
				TargetAttributes = {
					C4ED3D9F2B1210DC00F3DBB3 = {
						CreatedOnToolsVersion = 15.0;
					};
					C4ED3DB82B1210DD00F3DBB3 = {
						CreatedOnToolsVersion = 15.0;
						TestTargetID = C4ED3D9F2B1210DC00F3DBB3;
					};
				};
			};
			buildConfigurationList = C4ED3D9B2B1210DC00F3DBB3 /* Build configuration list for PBXProject "EssentialApp" */;
			compatibilityVersion = "Xcode 14.0";
			developmentRegion = en;
			hasScannedForEncodings = 0;
			knownRegions = (
				en,
				Base,
			);
			mainGroup = C4ED3D972B1210DC00F3DBB3;
			productRefGroup = C4ED3DA12B1210DC00F3DBB3 /* Products */;
			projectDirPath = "";
			projectRoot = "";
			targets = (
				C4ED3D9F2B1210DC00F3DBB3 /* EssentialApp */,
				C4ED3DB82B1210DD00F3DBB3 /* EssentialAppTests */,
			);
		};
/* End PBXProject section */

/* Begin PBXResourcesBuildPhase section */
		C4ED3D9E2B1210DC00F3DBB3 /* Resources */ = {
			isa = PBXResourcesBuildPhase;
			buildActionMask = 2147483647;
			files = (
				C4ED3DB32B1210DD00F3DBB3 /* LaunchScreen.storyboard in Resources */,
				C4ED3DB02B1210DD00F3DBB3 /* Assets.xcassets in Resources */,
				C4ED3DAB2B1210DC00F3DBB3 /* Main.storyboard in Resources */,
			);
			runOnlyForDeploymentPostprocessing = 0;
		};
		C4ED3DB72B1210DD00F3DBB3 /* Resources */ = {
			isa = PBXResourcesBuildPhase;
			buildActionMask = 2147483647;
			files = (
			);
			runOnlyForDeploymentPostprocessing = 0;
		};
/* End PBXResourcesBuildPhase section */

/* Begin PBXSourcesBuildPhase section */
		C4ED3D9C2B1210DC00F3DBB3 /* Sources */ = {
			isa = PBXSourcesBuildPhase;
			buildActionMask = 2147483647;
			files = (
				C4ED3DA82B1210DC00F3DBB3 /* ViewController.swift in Sources */,
				C4ED3DA42B1210DC00F3DBB3 /* AppDelegate.swift in Sources */,
				C4ED3DAE2B1210DC00F3DBB3 /* EssentialApp.xcdatamodeld in Sources */,
				C4ED3DA62B1210DC00F3DBB3 /* SceneDelegate.swift in Sources */,
			);
			runOnlyForDeploymentPostprocessing = 0;
		};
		C4ED3DB52B1210DD00F3DBB3 /* Sources */ = {
			isa = PBXSourcesBuildPhase;
			buildActionMask = 2147483647;
			files = (
				C4B2DCE12B1276D70040A075 /* FeedLoaderWithFallbackComposite.swift in Sources */,
			);
			runOnlyForDeploymentPostprocessing = 0;
		};
/* End PBXSourcesBuildPhase section */

/* Begin PBXTargetDependency section */
		C4ED3DBB2B1210DD00F3DBB3 /* PBXTargetDependency */ = {
			isa = PBXTargetDependency;
			target = C4ED3D9F2B1210DC00F3DBB3 /* EssentialApp */;
			targetProxy = C4ED3DBA2B1210DD00F3DBB3 /* PBXContainerItemProxy */;
		};
/* End PBXTargetDependency section */

/* Begin PBXVariantGroup section */
		C4ED3DA92B1210DC00F3DBB3 /* Main.storyboard */ = {
			isa = PBXVariantGroup;
			children = (
				C4ED3DAA2B1210DC00F3DBB3 /* Base */,
			);
			name = Main.storyboard;
			sourceTree = "<group>";
		};
		C4ED3DB12B1210DD00F3DBB3 /* LaunchScreen.storyboard */ = {
			isa = PBXVariantGroup;
			children = (
				C4ED3DB22B1210DD00F3DBB3 /* Base */,
			);
			name = LaunchScreen.storyboard;
			sourceTree = "<group>";
		};
/* End PBXVariantGroup section */

/* Begin XCBuildConfiguration section */
		C4ED3DCB2B1210DD00F3DBB3 /* Debug */ = {
			isa = XCBuildConfiguration;
			buildSettings = {
				ALWAYS_SEARCH_USER_PATHS = NO;
				ASSETCATALOG_COMPILER_GENERATE_SWIFT_ASSET_SYMBOL_EXTENSIONS = YES;
				CLANG_ANALYZER_NONNULL = YES;
				CLANG_ANALYZER_NUMBER_OBJECT_CONVERSION = YES_AGGRESSIVE;
				CLANG_CXX_LANGUAGE_STANDARD = "gnu++20";
				CLANG_ENABLE_MODULES = YES;
				CLANG_ENABLE_OBJC_ARC = YES;
				CLANG_ENABLE_OBJC_WEAK = YES;
				CLANG_WARN_BLOCK_CAPTURE_AUTORELEASING = YES;
				CLANG_WARN_BOOL_CONVERSION = YES;
				CLANG_WARN_COMMA = YES;
				CLANG_WARN_CONSTANT_CONVERSION = YES;
				CLANG_WARN_DEPRECATED_OBJC_IMPLEMENTATIONS = YES;
				CLANG_WARN_DIRECT_OBJC_ISA_USAGE = YES_ERROR;
				CLANG_WARN_DOCUMENTATION_COMMENTS = YES;
				CLANG_WARN_EMPTY_BODY = YES;
				CLANG_WARN_ENUM_CONVERSION = YES;
				CLANG_WARN_INFINITE_RECURSION = YES;
				CLANG_WARN_INT_CONVERSION = YES;
				CLANG_WARN_NON_LITERAL_NULL_CONVERSION = YES;
				CLANG_WARN_OBJC_IMPLICIT_RETAIN_SELF = YES;
				CLANG_WARN_OBJC_LITERAL_CONVERSION = YES;
				CLANG_WARN_OBJC_ROOT_CLASS = YES_ERROR;
				CLANG_WARN_QUOTED_INCLUDE_IN_FRAMEWORK_HEADER = YES;
				CLANG_WARN_RANGE_LOOP_ANALYSIS = YES;
				CLANG_WARN_STRICT_PROTOTYPES = YES;
				CLANG_WARN_SUSPICIOUS_MOVE = YES;
				CLANG_WARN_UNGUARDED_AVAILABILITY = YES_AGGRESSIVE;
				CLANG_WARN_UNREACHABLE_CODE = YES;
				CLANG_WARN__DUPLICATE_METHOD_MATCH = YES;
				COPY_PHASE_STRIP = NO;
				DEBUG_INFORMATION_FORMAT = dwarf;
				ENABLE_STRICT_OBJC_MSGSEND = YES;
				ENABLE_TESTABILITY = YES;
				ENABLE_USER_SCRIPT_SANDBOXING = YES;
				GCC_C_LANGUAGE_STANDARD = gnu17;
				GCC_DYNAMIC_NO_PIC = NO;
				GCC_NO_COMMON_BLOCKS = YES;
				GCC_OPTIMIZATION_LEVEL = 0;
				GCC_PREPROCESSOR_DEFINITIONS = (
					"DEBUG=1",
					"$(inherited)",
				);
				GCC_WARN_64_TO_32_BIT_CONVERSION = YES;
				GCC_WARN_ABOUT_RETURN_TYPE = YES_ERROR;
				GCC_WARN_UNDECLARED_SELECTOR = YES;
				GCC_WARN_UNINITIALIZED_AUTOS = YES_AGGRESSIVE;
				GCC_WARN_UNUSED_FUNCTION = YES;
				GCC_WARN_UNUSED_VARIABLE = YES;
				IPHONEOS_DEPLOYMENT_TARGET = 17.0;
				LOCALIZATION_PREFERS_STRING_CATALOGS = YES;
				MTL_ENABLE_DEBUG_INFO = INCLUDE_SOURCE;
				MTL_FAST_MATH = YES;
				ONLY_ACTIVE_ARCH = YES;
				SDKROOT = iphoneos;
				SWIFT_ACTIVE_COMPILATION_CONDITIONS = "DEBUG $(inherited)";
				SWIFT_OPTIMIZATION_LEVEL = "-Onone";
			};
			name = Debug;
		};
		C4ED3DCC2B1210DD00F3DBB3 /* Release */ = {
			isa = XCBuildConfiguration;
			buildSettings = {
				ALWAYS_SEARCH_USER_PATHS = NO;
				ASSETCATALOG_COMPILER_GENERATE_SWIFT_ASSET_SYMBOL_EXTENSIONS = YES;
				CLANG_ANALYZER_NONNULL = YES;
				CLANG_ANALYZER_NUMBER_OBJECT_CONVERSION = YES_AGGRESSIVE;
				CLANG_CXX_LANGUAGE_STANDARD = "gnu++20";
				CLANG_ENABLE_MODULES = YES;
				CLANG_ENABLE_OBJC_ARC = YES;
				CLANG_ENABLE_OBJC_WEAK = YES;
				CLANG_WARN_BLOCK_CAPTURE_AUTORELEASING = YES;
				CLANG_WARN_BOOL_CONVERSION = YES;
				CLANG_WARN_COMMA = YES;
				CLANG_WARN_CONSTANT_CONVERSION = YES;
				CLANG_WARN_DEPRECATED_OBJC_IMPLEMENTATIONS = YES;
				CLANG_WARN_DIRECT_OBJC_ISA_USAGE = YES_ERROR;
				CLANG_WARN_DOCUMENTATION_COMMENTS = YES;
				CLANG_WARN_EMPTY_BODY = YES;
				CLANG_WARN_ENUM_CONVERSION = YES;
				CLANG_WARN_INFINITE_RECURSION = YES;
				CLANG_WARN_INT_CONVERSION = YES;
				CLANG_WARN_NON_LITERAL_NULL_CONVERSION = YES;
				CLANG_WARN_OBJC_IMPLICIT_RETAIN_SELF = YES;
				CLANG_WARN_OBJC_LITERAL_CONVERSION = YES;
				CLANG_WARN_OBJC_ROOT_CLASS = YES_ERROR;
				CLANG_WARN_QUOTED_INCLUDE_IN_FRAMEWORK_HEADER = YES;
				CLANG_WARN_RANGE_LOOP_ANALYSIS = YES;
				CLANG_WARN_STRICT_PROTOTYPES = YES;
				CLANG_WARN_SUSPICIOUS_MOVE = YES;
				CLANG_WARN_UNGUARDED_AVAILABILITY = YES_AGGRESSIVE;
				CLANG_WARN_UNREACHABLE_CODE = YES;
				CLANG_WARN__DUPLICATE_METHOD_MATCH = YES;
				COPY_PHASE_STRIP = NO;
				DEBUG_INFORMATION_FORMAT = "dwarf-with-dsym";
				ENABLE_NS_ASSERTIONS = NO;
				ENABLE_STRICT_OBJC_MSGSEND = YES;
				ENABLE_USER_SCRIPT_SANDBOXING = YES;
				GCC_C_LANGUAGE_STANDARD = gnu17;
				GCC_NO_COMMON_BLOCKS = YES;
				GCC_WARN_64_TO_32_BIT_CONVERSION = YES;
				GCC_WARN_ABOUT_RETURN_TYPE = YES_ERROR;
				GCC_WARN_UNDECLARED_SELECTOR = YES;
				GCC_WARN_UNINITIALIZED_AUTOS = YES_AGGRESSIVE;
				GCC_WARN_UNUSED_FUNCTION = YES;
				GCC_WARN_UNUSED_VARIABLE = YES;
				IPHONEOS_DEPLOYMENT_TARGET = 17.0;
				LOCALIZATION_PREFERS_STRING_CATALOGS = YES;
				MTL_ENABLE_DEBUG_INFO = NO;
				MTL_FAST_MATH = YES;
				SDKROOT = iphoneos;
				SWIFT_COMPILATION_MODE = wholemodule;
				VALIDATE_PRODUCT = YES;
			};
			name = Release;
		};
		C4ED3DCE2B1210DD00F3DBB3 /* Debug */ = {
			isa = XCBuildConfiguration;
			buildSettings = {
				ASSETCATALOG_COMPILER_APPICON_NAME = AppIcon;
				ASSETCATALOG_COMPILER_GLOBAL_ACCENT_COLOR_NAME = AccentColor;
				CODE_SIGN_STYLE = Automatic;
				CURRENT_PROJECT_VERSION = 1;
				DEVELOPMENT_TEAM = 4CX3G85ALP;
				GENERATE_INFOPLIST_FILE = YES;
				INFOPLIST_FILE = EssentialApp/Info.plist;
				INFOPLIST_KEY_UIApplicationSupportsIndirectInputEvents = YES;
				INFOPLIST_KEY_UILaunchStoryboardName = LaunchScreen;
				INFOPLIST_KEY_UIMainStoryboardFile = Main;
				INFOPLIST_KEY_UISupportedInterfaceOrientations = UIInterfaceOrientationPortrait;
				LD_RUNPATH_SEARCH_PATHS = (
					"$(inherited)",
					"@executable_path/Frameworks",
				);
				MARKETING_VERSION = 1.0;
				PRODUCT_BUNDLE_IDENTIFIER = eyupMert.EssentialApp;
				PRODUCT_NAME = "$(TARGET_NAME)";
				SWIFT_EMIT_LOC_STRINGS = YES;
				SWIFT_VERSION = 5.0;
				TARGETED_DEVICE_FAMILY = "1,2";
			};
			name = Debug;
		};
		C4ED3DCF2B1210DD00F3DBB3 /* Release */ = {
			isa = XCBuildConfiguration;
			buildSettings = {
				ASSETCATALOG_COMPILER_APPICON_NAME = AppIcon;
				ASSETCATALOG_COMPILER_GLOBAL_ACCENT_COLOR_NAME = AccentColor;
				CODE_SIGN_STYLE = Automatic;
				CURRENT_PROJECT_VERSION = 1;
				DEVELOPMENT_TEAM = 4CX3G85ALP;
				GENERATE_INFOPLIST_FILE = YES;
				INFOPLIST_FILE = EssentialApp/Info.plist;
				INFOPLIST_KEY_UIApplicationSupportsIndirectInputEvents = YES;
				INFOPLIST_KEY_UILaunchStoryboardName = LaunchScreen;
				INFOPLIST_KEY_UIMainStoryboardFile = Main;
				INFOPLIST_KEY_UISupportedInterfaceOrientations = UIInterfaceOrientationPortrait;
				LD_RUNPATH_SEARCH_PATHS = (
					"$(inherited)",
					"@executable_path/Frameworks",
				);
				MARKETING_VERSION = 1.0;
				PRODUCT_BUNDLE_IDENTIFIER = eyupMert.EssentialApp;
				PRODUCT_NAME = "$(TARGET_NAME)";
				SWIFT_EMIT_LOC_STRINGS = YES;
				SWIFT_VERSION = 5.0;
				TARGETED_DEVICE_FAMILY = "1,2";
			};
			name = Release;
		};
		C4ED3DD12B1210DD00F3DBB3 /* Debug */ = {
			isa = XCBuildConfiguration;
			buildSettings = {
				ALWAYS_EMBED_SWIFT_STANDARD_LIBRARIES = YES;
				BUNDLE_LOADER = "$(TEST_HOST)";
				CODE_SIGN_STYLE = Automatic;
				CURRENT_PROJECT_VERSION = 1;
				DEVELOPMENT_TEAM = 4CX3G85ALP;
				GENERATE_INFOPLIST_FILE = YES;
				IPHONEOS_DEPLOYMENT_TARGET = 17.0;
				MARKETING_VERSION = 1.0;
				PRODUCT_BUNDLE_IDENTIFIER = eyupMert.EssentialAppTests;
				PRODUCT_NAME = "$(TARGET_NAME)";
				SWIFT_EMIT_LOC_STRINGS = NO;
				SWIFT_VERSION = 5.0;
				TARGETED_DEVICE_FAMILY = "1,2";
				TEST_HOST = "$(BUILT_PRODUCTS_DIR)/EssentialApp.app/$(BUNDLE_EXECUTABLE_FOLDER_PATH)/EssentialApp";
			};
			name = Debug;
		};
		C4ED3DD22B1210DD00F3DBB3 /* Release */ = {
			isa = XCBuildConfiguration;
			buildSettings = {
				ALWAYS_EMBED_SWIFT_STANDARD_LIBRARIES = YES;
				BUNDLE_LOADER = "$(TEST_HOST)";
				CODE_SIGN_STYLE = Automatic;
				CURRENT_PROJECT_VERSION = 1;
				DEVELOPMENT_TEAM = 4CX3G85ALP;
				GENERATE_INFOPLIST_FILE = YES;
				IPHONEOS_DEPLOYMENT_TARGET = 17.0;
				MARKETING_VERSION = 1.0;
				PRODUCT_BUNDLE_IDENTIFIER = eyupMert.EssentialAppTests;
				PRODUCT_NAME = "$(TARGET_NAME)";
				SWIFT_EMIT_LOC_STRINGS = NO;
				SWIFT_VERSION = 5.0;
				TARGETED_DEVICE_FAMILY = "1,2";
				TEST_HOST = "$(BUILT_PRODUCTS_DIR)/EssentialApp.app/$(BUNDLE_EXECUTABLE_FOLDER_PATH)/EssentialApp";
			};
			name = Release;
		};
/* End XCBuildConfiguration section */

/* Begin XCConfigurationList section */
		C4ED3D9B2B1210DC00F3DBB3 /* Build configuration list for PBXProject "EssentialApp" */ = {
			isa = XCConfigurationList;
			buildConfigurations = (
				C4ED3DCB2B1210DD00F3DBB3 /* Debug */,
				C4ED3DCC2B1210DD00F3DBB3 /* Release */,
			);
			defaultConfigurationIsVisible = 0;
			defaultConfigurationName = Release;
		};
		C4ED3DCD2B1210DD00F3DBB3 /* Build configuration list for PBXNativeTarget "EssentialApp" */ = {
			isa = XCConfigurationList;
			buildConfigurations = (
				C4ED3DCE2B1210DD00F3DBB3 /* Debug */,
				C4ED3DCF2B1210DD00F3DBB3 /* Release */,
			);
			defaultConfigurationIsVisible = 0;
			defaultConfigurationName = Release;
		};
		C4ED3DD02B1210DD00F3DBB3 /* Build configuration list for PBXNativeTarget "EssentialAppTests" */ = {
			isa = XCConfigurationList;
			buildConfigurations = (
				C4ED3DD12B1210DD00F3DBB3 /* Debug */,
				C4ED3DD22B1210DD00F3DBB3 /* Release */,
			);
			defaultConfigurationIsVisible = 0;
			defaultConfigurationName = Release;
		};
/* End XCConfigurationList section */

/* Begin XCVersionGroup section */
		C4ED3DAC2B1210DC00F3DBB3 /* EssentialApp.xcdatamodeld */ = {
			isa = XCVersionGroup;
			children = (
				C4ED3DAD2B1210DC00F3DBB3 /* EssentialApp.xcdatamodel */,
			);
			currentVersion = C4ED3DAD2B1210DC00F3DBB3 /* EssentialApp.xcdatamodel */;
			path = EssentialApp.xcdatamodeld;
			sourceTree = "<group>";
			versionGroupType = wrapper.xcdatamodel;
		};
/* End XCVersionGroup section */
	};
	rootObject = C4ED3D982B1210DC00F3DBB3 /* Project object */;
}
